
Microsoft Visual Studio Solution File, Format Version 12.00
# Visual Studio 15
Project("{FAE04EC0-301F-11D3-BF4B-00C04F79EFBC}") = "SmartHouseGatewayApp", "SmartHouseGatewayApp\SmartHouseGatewayApp.csproj", "{5B4D0E2F-6D72-423C-8043-B5C0A68CC38B}"
EndProject
Project("{FAE04EC0-301F-11D3-BF4B-00C04F79EFBC}") = "SmartHouseCoreAbstraction", "SmartHouseAbstraction\SmartHouseCoreAbstraction.csproj", "{320368D8-BC96-40D7-A53B-175C8112393A}"
EndProject
Project("{FAE04EC0-301F-11D3-BF4B-00C04F79EFBC}") = "SmartHouseCore", "SmartHouseCore\SmartHouseCore.csproj", "{65D36F6E-29E5-452C-B552-A1BCCF06F629}"
EndProject
Project("{FAE04EC0-301F-11D3-BF4B-00C04F79EFBC}") = "SmartHouseDataStore", "SmartHouseDataStore\SmartHouseDataStore.csproj", "{52492B2F-6179-40AA-BDD2-16F437670D18}"
EndProject
Project("{FAE04EC0-301F-11D3-BF4B-00C04F79EFBC}") = "SmartHouseDevice", "SmartHouseDevice\SmartHouseDevice.csproj", "{BCED707F-61D6-4DDA-B36D-0AE27FCFBC82}"
EndProject
Project("{FAE04EC0-301F-11D3-BF4B-00C04F79EFBC}") = "SmartHouseDto", "SmartHouseDto\SmartHouseDto.csproj", "{8FC2FFC0-C6FB-4D72-9759-B69E860A2141}"
EndProject
Project("{FAE04EC0-301F-11D3-BF4B-00C04F79EFBC}") = "SmartHouseDataStoreAbstraction", "SmartHouseDataStoreAbstraction\SmartHouseDataStoreAbstraction.csproj", "{2EB360E4-1920-48C4-8965-3397D2BF702C}"
EndProject
Project("{FAE04EC0-301F-11D3-BF4B-00C04F79EFBC}") = "SmartHouseDeviceAbstraction", "SmartHouseDeviceAbstraction\SmartHouseDeviceAbstraction.csproj", "{FF5BC810-ACF2-4D0D-A761-D8A917344474}"
EndProject
Project("{FAE04EC0-301F-11D3-BF4B-00C04F79EFBC}") = "SmartHouseCommon", "SmartHouseCommon\SmartHouseCommon.csproj", "{512BFBCB-B9F3-4F40-970E-9380A7FC969D}"
EndProject
Project("{2150E333-8FDC-42A3-9474-1A3956D46DE8}") = "Tests", "Tests", "{E363DCDA-4104-4C96-9BA5-10C9D9D4C6DB}"
EndProject
Project("{FAE04EC0-301F-11D3-BF4B-00C04F79EFBC}") = "SmartHouseCoreTests", "SmartHouseCoreTests\SmartHouseCoreTests.csproj", "{EC622C5F-FCF5-42B3-AC32-A8C9A846FAFD}"
EndProject
Project("{FAE04EC0-301F-11D3-BF4B-00C04F79EFBC}") = "SmartHouseDataStoreTests", "SmartHouseDataStoreTests\SmartHouseDataStoreTests.csproj", "{CA8011C0-650C-4D4C-898F-EC7C0B67E0C8}"
EndProject
Project("{FAE04EC0-301F-11D3-BF4B-00C04F79EFBC}") = "SmartHouseDeviceTests", "SmartHouseDeviceTests\SmartHouseDeviceTests.csproj", "{C1A08128-D756-4363-8A5F-56842E848CF2}"
EndProject
Global
	GlobalSection(SolutionConfigurationPlatforms) = preSolution
		Debug|Any CPU = Debug|Any CPU
		Release|Any CPU = Release|Any CPU
	EndGlobalSection
	GlobalSection(ProjectConfigurationPlatforms) = postSolution
		{5B4D0E2F-6D72-423C-8043-B5C0A68CC38B}.Debug|Any CPU.ActiveCfg = Debug|Any CPU
		{5B4D0E2F-6D72-423C-8043-B5C0A68CC38B}.Debug|Any CPU.Build.0 = Debug|Any CPU
		{5B4D0E2F-6D72-423C-8043-B5C0A68CC38B}.Release|Any CPU.ActiveCfg = Release|Any CPU
		{5B4D0E2F-6D72-423C-8043-B5C0A68CC38B}.Release|Any CPU.Build.0 = Release|Any CPU
		{320368D8-BC96-40D7-A53B-175C8112393A}.Debug|Any CPU.ActiveCfg = Debug|Any CPU
		{320368D8-BC96-40D7-A53B-175C8112393A}.Debug|Any CPU.Build.0 = Debug|Any CPU
		{320368D8-BC96-40D7-A53B-175C8112393A}.Release|Any CPU.ActiveCfg = Release|Any CPU
		{320368D8-BC96-40D7-A53B-175C8112393A}.Release|Any CPU.Build.0 = Release|Any CPU
		{65D36F6E-29E5-452C-B552-A1BCCF06F629}.Debug|Any CPU.ActiveCfg = Debug|Any CPU
		{65D36F6E-29E5-452C-B552-A1BCCF06F629}.Debug|Any CPU.Build.0 = Debug|Any CPU
		{65D36F6E-29E5-452C-B552-A1BCCF06F629}.Release|Any CPU.ActiveCfg = Release|Any CPU
		{65D36F6E-29E5-452C-B552-A1BCCF06F629}.Release|Any CPU.Build.0 = Release|Any CPU
		{52492B2F-6179-40AA-BDD2-16F437670D18}.Debug|Any CPU.ActiveCfg = Debug|Any CPU
		{52492B2F-6179-40AA-BDD2-16F437670D18}.Debug|Any CPU.Build.0 = Debug|Any CPU
		{52492B2F-6179-40AA-BDD2-16F437670D18}.Release|Any CPU.ActiveCfg = Release|Any CPU
		{52492B2F-6179-40AA-BDD2-16F437670D18}.Release|Any CPU.Build.0 = Release|Any CPU
		{BCED707F-61D6-4DDA-B36D-0AE27FCFBC82}.Debug|Any CPU.ActiveCfg = Debug|Any CPU
		{BCED707F-61D6-4DDA-B36D-0AE27FCFBC82}.Debug|Any CPU.Build.0 = Debug|Any CPU
		{BCED707F-61D6-4DDA-B36D-0AE27FCFBC82}.Release|Any CPU.ActiveCfg = Release|Any CPU
		{BCED707F-61D6-4DDA-B36D-0AE27FCFBC82}.Release|Any CPU.Build.0 = Release|Any CPU
		{8FC2FFC0-C6FB-4D72-9759-B69E860A2141}.Debug|Any CPU.ActiveCfg = Debug|Any CPU
		{8FC2FFC0-C6FB-4D72-9759-B69E860A2141}.Debug|Any CPU.Build.0 = Debug|Any CPU
		{8FC2FFC0-C6FB-4D72-9759-B69E860A2141}.Release|Any CPU.ActiveCfg = Release|Any CPU
		{8FC2FFC0-C6FB-4D72-9759-B69E860A2141}.Release|Any CPU.Build.0 = Release|Any CPU
		{2EB360E4-1920-48C4-8965-3397D2BF702C}.Debug|Any CPU.ActiveCfg = Debug|Any CPU
		{2EB360E4-1920-48C4-8965-3397D2BF702C}.Debug|Any CPU.Build.0 = Debug|Any CPU
		{2EB360E4-1920-48C4-8965-3397D2BF702C}.Release|Any CPU.ActiveCfg = Release|Any CPU
		{2EB360E4-1920-48C4-8965-3397D2BF702C}.Release|Any CPU.Build.0 = Release|Any CPU
		{FF5BC810-ACF2-4D0D-A761-D8A917344474}.Debug|Any CPU.ActiveCfg = Debug|Any CPU
		{FF5BC810-ACF2-4D0D-A761-D8A917344474}.Debug|Any CPU.Build.0 = Debug|Any CPU
		{FF5BC810-ACF2-4D0D-A761-D8A917344474}.Release|Any CPU.ActiveCfg = Release|Any CPU
		{FF5BC810-ACF2-4D0D-A761-D8A917344474}.Release|Any CPU.Build.0 = Release|Any CPU
		{512BFBCB-B9F3-4F40-970E-9380A7FC969D}.Debug|Any CPU.ActiveCfg = Debug|Any CPU
		{512BFBCB-B9F3-4F40-970E-9380A7FC969D}.Debug|Any CPU.Build.0 = Debug|Any CPU
		{512BFBCB-B9F3-4F40-970E-9380A7FC969D}.Release|Any CPU.ActiveCfg = Release|Any CPU
		{512BFBCB-B9F3-4F40-970E-9380A7FC969D}.Release|Any CPU.Build.0 = Release|Any CPU
		{EC622C5F-FCF5-42B3-AC32-A8C9A846FAFD}.Debug|Any CPU.ActiveCfg = Debug|Any CPU
		{EC622C5F-FCF5-42B3-AC32-A8C9A846FAFD}.Debug|Any CPU.Build.0 = Debug|Any CPU
		{EC622C5F-FCF5-42B3-AC32-A8C9A846FAFD}.Release|Any CPU.ActiveCfg = Release|Any CPU
		{EC622C5F-FCF5-42B3-AC32-A8C9A846FAFD}.Release|Any CPU.Build.0 = Release|Any CPU
		{CA8011C0-650C-4D4C-898F-EC7C0B67E0C8}.Debug|Any CPU.ActiveCfg = Debug|Any CPU
		{CA8011C0-650C-4D4C-898F-EC7C0B67E0C8}.Debug|Any CPU.Build.0 = Debug|Any CPU
		{CA8011C0-650C-4D4C-898F-EC7C0B67E0C8}.Release|Any CPU.ActiveCfg = Release|Any CPU
		{CA8011C0-650C-4D4C-898F-EC7C0B67E0C8}.Release|Any CPU.Build.0 = Release|Any CPU
		{C1A08128-D756-4363-8A5F-56842E848CF2}.Debug|Any CPU.ActiveCfg = Debug|Any CPU
		{C1A08128-D756-4363-8A5F-56842E848CF2}.Debug|Any CPU.Build.0 = Debug|Any CPU
		{C1A08128-D756-4363-8A5F-56842E848CF2}.Release|Any CPU.ActiveCfg = Release|Any CPU
		{C1A08128-D756-4363-8A5F-56842E848CF2}.Release|Any CPU.Build.0 = Release|Any CPU
	EndGlobalSection
	GlobalSection(NestedProjects) = preSolution
		{EC622C5F-FCF5-42B3-AC32-A8C9A846FAFD} = {E363DCDA-4104-4C96-9BA5-10C9D9D4C6DB}
		{CA8011C0-650C-4D4C-898F-EC7C0B67E0C8} = {E363DCDA-4104-4C96-9BA5-10C9D9D4C6DB}
		{C1A08128-D756-4363-8A5F-56842E848CF2} = {E363DCDA-4104-4C96-9BA5-10C9D9D4C6DB}
	EndGlobalSection
EndGlobal
