Microsoft Visual Studio Solution File, Format Version 12.00
# Visual Studio 14
VisualStudioVersion = 14.0.25420.1
MinimumVisualStudioVersion = 10.0.40219.1
Project("{FAE04EC0-301F-11D3-BF4B-00C04F79EFBC}") = "SmartHouse.WebApiMono", "SmartHouse.WebApiMono\SmartHouse.WebApiMono.csproj", "{6B1925D4-BDBD-4D35-B79A-4A70094888EE}"
EndProject
Project("{FAE04EC0-301F-11D3-BF4B-00C04F79EFBC}") = "SmartHouse.Lib", "SmartHouse.Lib\SmartHouse.Lib.csproj", "{CEF8FE44-20C2-460E-9909-7DD0277C45B7}"
EndProject
Project("{FAE04EC0-301F-11D3-BF4B-00C04F79EFBC}") = "MPDClientLib", "MPDClientLib\MPDClientLib.csproj", "{3403C873-97B2-4EC1-BA45-3E396B9F865B}"
EndProject
Project("{FAE04EC0-301F-11D3-BF4B-00C04F79EFBC}") = "OrviboController.Common", "OrviboController.Common\OrviboController.Common.csproj", "{3E5BF144-BD4E-4B43-91EC-EF5E5E8BF2F6}"
EndProject
Global
	GlobalSection(SolutionConfigurationPlatforms) = preSolution
		Debug|Any CPU = Debug|Any CPU
		Debug|x86 = Debug|x86
		Release|Any CPU = Release|Any CPU
		Release|x86 = Release|x86
	EndGlobalSection
	GlobalSection(ProjectConfigurationPlatforms) = postSolution
		{6B1925D4-BDBD-4D35-B79A-4A70094888EE}.Debug|Any CPU.ActiveCfg = Debug|x86
		{6B1925D4-BDBD-4D35-B79A-4A70094888EE}.Debug|x86.ActiveCfg = Debug|x86
		{6B1925D4-BDBD-4D35-B79A-4A70094888EE}.Debug|x86.Build.0 = Debug|x86
		{6B1925D4-BDBD-4D35-B79A-4A70094888EE}.Release|Any CPU.ActiveCfg = Release|x86
		{6B1925D4-BDBD-4D35-B79A-4A70094888EE}.Release|x86.ActiveCfg = Release|x86
		{6B1925D4-BDBD-4D35-B79A-4A70094888EE}.Release|x86.Build.0 = Release|x86
		{CEF8FE44-20C2-460E-9909-7DD0277C45B7}.Debug|Any CPU.ActiveCfg = Debug|Any CPU
		{CEF8FE44-20C2-460E-9909-7DD0277C45B7}.Debug|Any CPU.Build.0 = Debug|Any CPU
		{CEF8FE44-20C2-460E-9909-7DD0277C45B7}.Debug|x86.ActiveCfg = Debug|Any CPU
		{CEF8FE44-20C2-460E-9909-7DD0277C45B7}.Debug|x86.Build.0 = Debug|Any CPU
		{CEF8FE44-20C2-460E-9909-7DD0277C45B7}.Release|Any CPU.ActiveCfg = Release|Any CPU
		{CEF8FE44-20C2-460E-9909-7DD0277C45B7}.Release|Any CPU.Build.0 = Release|Any CPU
		{CEF8FE44-20C2-460E-9909-7DD0277C45B7}.Release|x86.ActiveCfg = Release|Any CPU
		{CEF8FE44-20C2-460E-9909-7DD0277C45B7}.Release|x86.Build.0 = Release|Any CPU
		{3403C873-97B2-4EC1-BA45-3E396B9F865B}.Debug|Any CPU.ActiveCfg = Debug|Any CPU
		{3403C873-97B2-4EC1-BA45-3E396B9F865B}.Debug|Any CPU.Build.0 = Debug|Any CPU
		{3403C873-97B2-4EC1-BA45-3E396B9F865B}.Debug|x86.ActiveCfg = Debug|Any CPU
		{3403C873-97B2-4EC1-BA45-3E396B9F865B}.Debug|x86.Build.0 = Debug|Any CPU
		{3403C873-97B2-4EC1-BA45-3E396B9F865B}.Release|Any CPU.ActiveCfg = Release|Any CPU
		{3403C873-97B2-4EC1-BA45-3E396B9F865B}.Release|Any CPU.Build.0 = Release|Any CPU
		{3403C873-97B2-4EC1-BA45-3E396B9F865B}.Release|x86.ActiveCfg = Release|Any CPU
		{3403C873-97B2-4EC1-BA45-3E396B9F865B}.Release|x86.Build.0 = Release|Any CPU
		{3E5BF144-BD4E-4B43-91EC-EF5E5E8BF2F6}.Debug|Any CPU.ActiveCfg = Debug|Any CPU
		{3E5BF144-BD4E-4B43-91EC-EF5E5E8BF2F6}.Debug|Any CPU.Build.0 = Debug|Any CPU
		{3E5BF144-BD4E-4B43-91EC-EF5E5E8BF2F6}.Debug|x86.ActiveCfg = Debug|Any CPU
		{3E5BF144-BD4E-4B43-91EC-EF5E5E8BF2F6}.Debug|x86.Build.0 = Debug|Any CPU
		{3E5BF144-BD4E-4B43-91EC-EF5E5E8BF2F6}.Release|Any CPU.ActiveCfg = Release|Any CPU
		{3E5BF144-BD4E-4B43-91EC-EF5E5E8BF2F6}.Release|Any CPU.Build.0 = Release|Any CPU
		{3E5BF144-BD4E-4B43-91EC-EF5E5E8BF2F6}.Release|x86.ActiveCfg = Release|Any CPU
		{3E5BF144-BD4E-4B43-91EC-EF5E5E8BF2F6}.Release|x86.Build.0 = Release|Any CPU
	EndGlobalSection
	GlobalSection(SolutionProperties) = preSolution
		HideSolutionNode = FALSE
	EndGlobalSection
	GlobalSection(MonoDevelopProperties) = preSolution
		Policies = $0
		$0.DotNetNamingPolicy = $1
		$1.DirectoryNamespaceAssociation = None
		$1.ResourceNamePolicy = FileFormatDefault
		$0.VersionControlPolicy = $2
		$2.inheritsSet = Mono
		version = 1.0
	EndGlobalSection
EndGlobal
