
Microsoft Visual Studio Solution File, Format Version 12.00
# Visual Studio 14
VisualStudioVersion = 14.0.25420.1
MinimumVisualStudioVersion = 10.0.40219.1
Project("{FAE04EC0-301F-11D3-BF4B-00C04F79EFBC}") = "SmartHouse.UWPClient", "SmartHouse.UWPClient\SmartHouse.UWPClient.csproj", "{AECD7122-3942-4F3B-94A0-03FCADE098B3}"
EndProject
Project("{8BB2217D-0F2D-49D1-97BC-3654ED321F3B}") = "SmartHouse.WebApi", "SmartHouse.WebApi\SmartHouse.WebApi.xproj", "{338427CB-5730-4941-B630-9A730BA30089}"
EndProject
Project("{8BB2217D-0F2D-49D1-97BC-3654ED321F3B}") = "SmartHouse.ApiLib", "SmartHouse.ApiLib\SmartHouse.ApiLib.xproj", "{311C0577-C884-4D58-96C2-CEC8CB5025AE}"
EndProject
Project("{FAE04EC0-301F-11D3-BF4B-00C04F79EFBC}") = "SmartHouseCommandService", "SmartHouseCommandService\SmartHouseCommandService.csproj", "{FC96DE58-0B41-4996-8030-84BF5684B4A0}"
EndProject
Project("{2150E333-8FDC-42A3-9474-1A3956D46DE8}") = "Mobile", "Mobile", "{2F5CE0F5-B2F5-4637-B4A3-34E23AD15FBC}"
EndProject
Project("{FAE04EC0-301F-11D3-BF4B-00C04F79EFBC}") = "SmartHouse.UWPLib", "SmartHouse.UWPLib\SmartHouse.UWPLib.csproj", "{AB907ED3-FFBF-48E6-B0C3-BB1151408484}"
EndProject
Project("{2150E333-8FDC-42A3-9474-1A3956D46DE8}") = "Web", "Web", "{F62B01FB-4C6F-4BCF-8B3D-D5F52F7030DC}"
EndProject
Global
	GlobalSection(SolutionConfigurationPlatforms) = preSolution
		Debug|Any CPU = Debug|Any CPU
		Debug|ARM = Debug|ARM
		Debug|x64 = Debug|x64
		Debug|x86 = Debug|x86
		Release|Any CPU = Release|Any CPU
		Release|ARM = Release|ARM
		Release|x64 = Release|x64
		Release|x86 = Release|x86
	EndGlobalSection
	GlobalSection(ProjectConfigurationPlatforms) = postSolution
		{AECD7122-3942-4F3B-94A0-03FCADE098B3}.Debug|Any CPU.ActiveCfg = Debug|x86
		{AECD7122-3942-4F3B-94A0-03FCADE098B3}.Debug|ARM.ActiveCfg = Debug|ARM
		{AECD7122-3942-4F3B-94A0-03FCADE098B3}.Debug|ARM.Build.0 = Debug|ARM
		{AECD7122-3942-4F3B-94A0-03FCADE098B3}.Debug|ARM.Deploy.0 = Debug|ARM
		{AECD7122-3942-4F3B-94A0-03FCADE098B3}.Debug|x64.ActiveCfg = Debug|x64
		{AECD7122-3942-4F3B-94A0-03FCADE098B3}.Debug|x64.Build.0 = Debug|x64
		{AECD7122-3942-4F3B-94A0-03FCADE098B3}.Debug|x64.Deploy.0 = Debug|x64
		{AECD7122-3942-4F3B-94A0-03FCADE098B3}.Debug|x86.ActiveCfg = Debug|x86
		{AECD7122-3942-4F3B-94A0-03FCADE098B3}.Debug|x86.Build.0 = Debug|x86
		{AECD7122-3942-4F3B-94A0-03FCADE098B3}.Debug|x86.Deploy.0 = Debug|x86
		{AECD7122-3942-4F3B-94A0-03FCADE098B3}.Release|Any CPU.ActiveCfg = Release|x86
		{AECD7122-3942-4F3B-94A0-03FCADE098B3}.Release|ARM.ActiveCfg = Release|ARM
		{AECD7122-3942-4F3B-94A0-03FCADE098B3}.Release|ARM.Build.0 = Release|ARM
		{AECD7122-3942-4F3B-94A0-03FCADE098B3}.Release|ARM.Deploy.0 = Release|ARM
		{AECD7122-3942-4F3B-94A0-03FCADE098B3}.Release|x64.ActiveCfg = Release|x64
		{AECD7122-3942-4F3B-94A0-03FCADE098B3}.Release|x64.Build.0 = Release|x64
		{AECD7122-3942-4F3B-94A0-03FCADE098B3}.Release|x64.Deploy.0 = Release|x64
		{AECD7122-3942-4F3B-94A0-03FCADE098B3}.Release|x86.ActiveCfg = Release|x86
		{AECD7122-3942-4F3B-94A0-03FCADE098B3}.Release|x86.Build.0 = Release|x86
		{AECD7122-3942-4F3B-94A0-03FCADE098B3}.Release|x86.Deploy.0 = Release|x86
		{338427CB-5730-4941-B630-9A730BA30089}.Debug|Any CPU.ActiveCfg = Debug|Any CPU
		{338427CB-5730-4941-B630-9A730BA30089}.Debug|Any CPU.Build.0 = Debug|Any CPU
		{338427CB-5730-4941-B630-9A730BA30089}.Debug|ARM.ActiveCfg = Debug|Any CPU
		{338427CB-5730-4941-B630-9A730BA30089}.Debug|ARM.Build.0 = Debug|Any CPU
		{338427CB-5730-4941-B630-9A730BA30089}.Debug|x64.ActiveCfg = Debug|Any CPU
		{338427CB-5730-4941-B630-9A730BA30089}.Debug|x64.Build.0 = Debug|Any CPU
		{338427CB-5730-4941-B630-9A730BA30089}.Debug|x86.ActiveCfg = Debug|Any CPU
		{338427CB-5730-4941-B630-9A730BA30089}.Debug|x86.Build.0 = Debug|Any CPU
		{338427CB-5730-4941-B630-9A730BA30089}.Release|Any CPU.ActiveCfg = Release|Any CPU
		{338427CB-5730-4941-B630-9A730BA30089}.Release|Any CPU.Build.0 = Release|Any CPU
		{338427CB-5730-4941-B630-9A730BA30089}.Release|ARM.ActiveCfg = Release|Any CPU
		{338427CB-5730-4941-B630-9A730BA30089}.Release|ARM.Build.0 = Release|Any CPU
		{338427CB-5730-4941-B630-9A730BA30089}.Release|x64.ActiveCfg = Release|Any CPU
		{338427CB-5730-4941-B630-9A730BA30089}.Release|x64.Build.0 = Release|Any CPU
		{338427CB-5730-4941-B630-9A730BA30089}.Release|x86.ActiveCfg = Release|Any CPU
		{338427CB-5730-4941-B630-9A730BA30089}.Release|x86.Build.0 = Release|Any CPU
		{311C0577-C884-4D58-96C2-CEC8CB5025AE}.Debug|Any CPU.ActiveCfg = Debug|Any CPU
		{311C0577-C884-4D58-96C2-CEC8CB5025AE}.Debug|Any CPU.Build.0 = Debug|Any CPU
		{311C0577-C884-4D58-96C2-CEC8CB5025AE}.Debug|ARM.ActiveCfg = Debug|Any CPU
		{311C0577-C884-4D58-96C2-CEC8CB5025AE}.Debug|ARM.Build.0 = Debug|Any CPU
		{311C0577-C884-4D58-96C2-CEC8CB5025AE}.Debug|x64.ActiveCfg = Debug|Any CPU
		{311C0577-C884-4D58-96C2-CEC8CB5025AE}.Debug|x64.Build.0 = Debug|Any CPU
		{311C0577-C884-4D58-96C2-CEC8CB5025AE}.Debug|x86.ActiveCfg = Debug|Any CPU
		{311C0577-C884-4D58-96C2-CEC8CB5025AE}.Debug|x86.Build.0 = Debug|Any CPU
		{311C0577-C884-4D58-96C2-CEC8CB5025AE}.Release|Any CPU.ActiveCfg = Release|Any CPU
		{311C0577-C884-4D58-96C2-CEC8CB5025AE}.Release|Any CPU.Build.0 = Release|Any CPU
		{311C0577-C884-4D58-96C2-CEC8CB5025AE}.Release|ARM.ActiveCfg = Release|Any CPU
		{311C0577-C884-4D58-96C2-CEC8CB5025AE}.Release|ARM.Build.0 = Release|Any CPU
		{311C0577-C884-4D58-96C2-CEC8CB5025AE}.Release|x64.ActiveCfg = Release|Any CPU
		{311C0577-C884-4D58-96C2-CEC8CB5025AE}.Release|x64.Build.0 = Release|Any CPU
		{311C0577-C884-4D58-96C2-CEC8CB5025AE}.Release|x86.ActiveCfg = Release|Any CPU
		{311C0577-C884-4D58-96C2-CEC8CB5025AE}.Release|x86.Build.0 = Release|Any CPU
		{FC96DE58-0B41-4996-8030-84BF5684B4A0}.Debug|Any CPU.ActiveCfg = Debug|Any CPU
		{FC96DE58-0B41-4996-8030-84BF5684B4A0}.Debug|Any CPU.Build.0 = Debug|Any CPU
		{FC96DE58-0B41-4996-8030-84BF5684B4A0}.Debug|ARM.ActiveCfg = Debug|ARM
		{FC96DE58-0B41-4996-8030-84BF5684B4A0}.Debug|ARM.Build.0 = Debug|ARM
		{FC96DE58-0B41-4996-8030-84BF5684B4A0}.Debug|x64.ActiveCfg = Debug|x64
		{FC96DE58-0B41-4996-8030-84BF5684B4A0}.Debug|x64.Build.0 = Debug|x64
		{FC96DE58-0B41-4996-8030-84BF5684B4A0}.Debug|x86.ActiveCfg = Debug|x86
		{FC96DE58-0B41-4996-8030-84BF5684B4A0}.Debug|x86.Build.0 = Debug|x86
		{FC96DE58-0B41-4996-8030-84BF5684B4A0}.Release|Any CPU.ActiveCfg = Release|Any CPU
		{FC96DE58-0B41-4996-8030-84BF5684B4A0}.Release|Any CPU.Build.0 = Release|Any CPU
		{FC96DE58-0B41-4996-8030-84BF5684B4A0}.Release|ARM.ActiveCfg = Release|ARM
		{FC96DE58-0B41-4996-8030-84BF5684B4A0}.Release|ARM.Build.0 = Release|ARM
		{FC96DE58-0B41-4996-8030-84BF5684B4A0}.Release|x64.ActiveCfg = Release|x64
		{FC96DE58-0B41-4996-8030-84BF5684B4A0}.Release|x64.Build.0 = Release|x64
		{FC96DE58-0B41-4996-8030-84BF5684B4A0}.Release|x86.ActiveCfg = Release|x86
		{FC96DE58-0B41-4996-8030-84BF5684B4A0}.Release|x86.Build.0 = Release|x86
		{AB907ED3-FFBF-48E6-B0C3-BB1151408484}.Debug|Any CPU.ActiveCfg = Debug|Any CPU
		{AB907ED3-FFBF-48E6-B0C3-BB1151408484}.Debug|Any CPU.Build.0 = Debug|Any CPU
		{AB907ED3-FFBF-48E6-B0C3-BB1151408484}.Debug|ARM.ActiveCfg = Debug|ARM
		{AB907ED3-FFBF-48E6-B0C3-BB1151408484}.Debug|ARM.Build.0 = Debug|ARM
		{AB907ED3-FFBF-48E6-B0C3-BB1151408484}.Debug|x64.ActiveCfg = Debug|x64
		{AB907ED3-FFBF-48E6-B0C3-BB1151408484}.Debug|x64.Build.0 = Debug|x64
		{AB907ED3-FFBF-48E6-B0C3-BB1151408484}.Debug|x86.ActiveCfg = Debug|x86
		{AB907ED3-FFBF-48E6-B0C3-BB1151408484}.Debug|x86.Build.0 = Debug|x86
		{AB907ED3-FFBF-48E6-B0C3-BB1151408484}.Release|Any CPU.ActiveCfg = Release|Any CPU
		{AB907ED3-FFBF-48E6-B0C3-BB1151408484}.Release|Any CPU.Build.0 = Release|Any CPU
		{AB907ED3-FFBF-48E6-B0C3-BB1151408484}.Release|ARM.ActiveCfg = Release|ARM
		{AB907ED3-FFBF-48E6-B0C3-BB1151408484}.Release|ARM.Build.0 = Release|ARM
		{AB907ED3-FFBF-48E6-B0C3-BB1151408484}.Release|x64.ActiveCfg = Release|x64
		{AB907ED3-FFBF-48E6-B0C3-BB1151408484}.Release|x64.Build.0 = Release|x64
		{AB907ED3-FFBF-48E6-B0C3-BB1151408484}.Release|x86.ActiveCfg = Release|x86
		{AB907ED3-FFBF-48E6-B0C3-BB1151408484}.Release|x86.Build.0 = Release|x86
	EndGlobalSection
	GlobalSection(SolutionProperties) = preSolution
		HideSolutionNode = FALSE
	EndGlobalSection
	GlobalSection(NestedProjects) = preSolution
		{AECD7122-3942-4F3B-94A0-03FCADE098B3} = {2F5CE0F5-B2F5-4637-B4A3-34E23AD15FBC}
		{338427CB-5730-4941-B630-9A730BA30089} = {F62B01FB-4C6F-4BCF-8B3D-D5F52F7030DC}
		{311C0577-C884-4D58-96C2-CEC8CB5025AE} = {F62B01FB-4C6F-4BCF-8B3D-D5F52F7030DC}
		{FC96DE58-0B41-4996-8030-84BF5684B4A0} = {2F5CE0F5-B2F5-4637-B4A3-34E23AD15FBC}
		{AB907ED3-FFBF-48E6-B0C3-BB1151408484} = {2F5CE0F5-B2F5-4637-B4A3-34E23AD15FBC}
	EndGlobalSection
EndGlobal
