
Microsoft Visual Studio Solution File, Format Version 12.00
# Visual Studio 15
VisualStudioVersion = 15.0.26403.7
MinimumVisualStudioVersion = 10.0.40219.1
Project("{FAE04EC0-301F-11D3-BF4B-00C04F79EFBC}") = "SmartHouse.UWPClient", "SmartHouse.UWPClient\SmartHouse.UWPClient.csproj", "{AECD7122-3942-4F3B-94A0-03FCADE098B3}"
EndProject
Project("{FAE04EC0-301F-11D3-BF4B-00C04F79EFBC}") = "SmartHouseCommandService", "SmartHouseCommandService\SmartHouseCommandService.csproj", "{FC96DE58-0B41-4996-8030-84BF5684B4A0}"
EndProject
Project("{2150E333-8FDC-42A3-9474-1A3956D46DE8}") = "Mobile", "Mobile", "{2F5CE0F5-B2F5-4637-B4A3-34E23AD15FBC}"
EndProject
Project("{FAE04EC0-301F-11D3-BF4B-00C04F79EFBC}") = "SmartHouse.UWPLib", "SmartHouse.UWPLib\SmartHouse.UWPLib.csproj", "{AB907ED3-FFBF-48E6-B0C3-BB1151408484}"
EndProject
Project("{FAE04EC0-301F-11D3-BF4B-00C04F79EFBC}") = "BackgroundTask", "BackgroundTask\BackgroundTask.csproj", "{02E851AE-B6D4-4607-B42F-B1C9EE52FB09}"
EndProject
Global
	GlobalSection(SolutionConfigurationPlatforms) = preSolution
		Ad-Hoc|Any CPU = Ad-Hoc|Any CPU
		Ad-Hoc|ARM = Ad-Hoc|ARM
		Ad-Hoc|iPhone = Ad-Hoc|iPhone
		Ad-Hoc|iPhoneSimulator = Ad-Hoc|iPhoneSimulator
		Ad-Hoc|x64 = Ad-Hoc|x64
		Ad-Hoc|x86 = Ad-Hoc|x86
		AppStore|Any CPU = AppStore|Any CPU
		AppStore|ARM = AppStore|ARM
		AppStore|iPhone = AppStore|iPhone
		AppStore|iPhoneSimulator = AppStore|iPhoneSimulator
		AppStore|x64 = AppStore|x64
		AppStore|x86 = AppStore|x86
		Debug|Any CPU = Debug|Any CPU
		Debug|ARM = Debug|ARM
		Debug|iPhone = Debug|iPhone
		Debug|iPhoneSimulator = Debug|iPhoneSimulator
		Debug|x64 = Debug|x64
		Debug|x86 = Debug|x86
		Release|Any CPU = Release|Any CPU
		Release|ARM = Release|ARM
		Release|iPhone = Release|iPhone
		Release|iPhoneSimulator = Release|iPhoneSimulator
		Release|x64 = Release|x64
		Release|x86 = Release|x86
	EndGlobalSection
	GlobalSection(ProjectConfigurationPlatforms) = postSolution
		{AECD7122-3942-4F3B-94A0-03FCADE098B3}.Ad-Hoc|Any CPU.ActiveCfg = Release|x64
		{AECD7122-3942-4F3B-94A0-03FCADE098B3}.Ad-Hoc|Any CPU.Build.0 = Release|x64
		{AECD7122-3942-4F3B-94A0-03FCADE098B3}.Ad-Hoc|Any CPU.Deploy.0 = Release|x64
		{AECD7122-3942-4F3B-94A0-03FCADE098B3}.Ad-Hoc|ARM.ActiveCfg = Release|ARM
		{AECD7122-3942-4F3B-94A0-03FCADE098B3}.Ad-Hoc|ARM.Build.0 = Release|ARM
		{AECD7122-3942-4F3B-94A0-03FCADE098B3}.Ad-Hoc|ARM.Deploy.0 = Release|ARM
		{AECD7122-3942-4F3B-94A0-03FCADE098B3}.Ad-Hoc|iPhone.ActiveCfg = Release|x64
		{AECD7122-3942-4F3B-94A0-03FCADE098B3}.Ad-Hoc|iPhone.Build.0 = Release|x64
		{AECD7122-3942-4F3B-94A0-03FCADE098B3}.Ad-Hoc|iPhone.Deploy.0 = Release|x64
		{AECD7122-3942-4F3B-94A0-03FCADE098B3}.Ad-Hoc|iPhoneSimulator.ActiveCfg = Release|x64
		{AECD7122-3942-4F3B-94A0-03FCADE098B3}.Ad-Hoc|iPhoneSimulator.Build.0 = Release|x64
		{AECD7122-3942-4F3B-94A0-03FCADE098B3}.Ad-Hoc|iPhoneSimulator.Deploy.0 = Release|x64
		{AECD7122-3942-4F3B-94A0-03FCADE098B3}.Ad-Hoc|x64.ActiveCfg = Release|x64
		{AECD7122-3942-4F3B-94A0-03FCADE098B3}.Ad-Hoc|x64.Build.0 = Release|x64
		{AECD7122-3942-4F3B-94A0-03FCADE098B3}.Ad-Hoc|x64.Deploy.0 = Release|x64
		{AECD7122-3942-4F3B-94A0-03FCADE098B3}.Ad-Hoc|x86.ActiveCfg = Release|x86
		{AECD7122-3942-4F3B-94A0-03FCADE098B3}.Ad-Hoc|x86.Build.0 = Release|x86
		{AECD7122-3942-4F3B-94A0-03FCADE098B3}.Ad-Hoc|x86.Deploy.0 = Release|x86
		{AECD7122-3942-4F3B-94A0-03FCADE098B3}.AppStore|Any CPU.ActiveCfg = Release|x64
		{AECD7122-3942-4F3B-94A0-03FCADE098B3}.AppStore|Any CPU.Build.0 = Release|x64
		{AECD7122-3942-4F3B-94A0-03FCADE098B3}.AppStore|Any CPU.Deploy.0 = Release|x64
		{AECD7122-3942-4F3B-94A0-03FCADE098B3}.AppStore|ARM.ActiveCfg = Release|ARM
		{AECD7122-3942-4F3B-94A0-03FCADE098B3}.AppStore|ARM.Build.0 = Release|ARM
		{AECD7122-3942-4F3B-94A0-03FCADE098B3}.AppStore|ARM.Deploy.0 = Release|ARM
		{AECD7122-3942-4F3B-94A0-03FCADE098B3}.AppStore|iPhone.ActiveCfg = Release|x64
		{AECD7122-3942-4F3B-94A0-03FCADE098B3}.AppStore|iPhone.Build.0 = Release|x64
		{AECD7122-3942-4F3B-94A0-03FCADE098B3}.AppStore|iPhone.Deploy.0 = Release|x64
		{AECD7122-3942-4F3B-94A0-03FCADE098B3}.AppStore|iPhoneSimulator.ActiveCfg = Release|x64
		{AECD7122-3942-4F3B-94A0-03FCADE098B3}.AppStore|iPhoneSimulator.Build.0 = Release|x64
		{AECD7122-3942-4F3B-94A0-03FCADE098B3}.AppStore|iPhoneSimulator.Deploy.0 = Release|x64
		{AECD7122-3942-4F3B-94A0-03FCADE098B3}.AppStore|x64.ActiveCfg = Release|x64
		{AECD7122-3942-4F3B-94A0-03FCADE098B3}.AppStore|x64.Build.0 = Release|x64
		{AECD7122-3942-4F3B-94A0-03FCADE098B3}.AppStore|x64.Deploy.0 = Release|x64
		{AECD7122-3942-4F3B-94A0-03FCADE098B3}.AppStore|x86.ActiveCfg = Release|x86
		{AECD7122-3942-4F3B-94A0-03FCADE098B3}.AppStore|x86.Build.0 = Release|x86
		{AECD7122-3942-4F3B-94A0-03FCADE098B3}.AppStore|x86.Deploy.0 = Release|x86
		{AECD7122-3942-4F3B-94A0-03FCADE098B3}.Debug|Any CPU.ActiveCfg = Debug|x86
		{AECD7122-3942-4F3B-94A0-03FCADE098B3}.Debug|Any CPU.Build.0 = Debug|x86
		{AECD7122-3942-4F3B-94A0-03FCADE098B3}.Debug|Any CPU.Deploy.0 = Debug|x86
		{AECD7122-3942-4F3B-94A0-03FCADE098B3}.Debug|ARM.ActiveCfg = Debug|ARM
		{AECD7122-3942-4F3B-94A0-03FCADE098B3}.Debug|ARM.Build.0 = Debug|ARM
		{AECD7122-3942-4F3B-94A0-03FCADE098B3}.Debug|ARM.Deploy.0 = Debug|ARM
		{AECD7122-3942-4F3B-94A0-03FCADE098B3}.Debug|iPhone.ActiveCfg = Debug|x86
		{AECD7122-3942-4F3B-94A0-03FCADE098B3}.Debug|iPhoneSimulator.ActiveCfg = Debug|x86
		{AECD7122-3942-4F3B-94A0-03FCADE098B3}.Debug|x64.ActiveCfg = Debug|x64
		{AECD7122-3942-4F3B-94A0-03FCADE098B3}.Debug|x64.Build.0 = Debug|x64
		{AECD7122-3942-4F3B-94A0-03FCADE098B3}.Debug|x64.Deploy.0 = Debug|x64
		{AECD7122-3942-4F3B-94A0-03FCADE098B3}.Debug|x86.ActiveCfg = Debug|x86
		{AECD7122-3942-4F3B-94A0-03FCADE098B3}.Debug|x86.Build.0 = Debug|x86
		{AECD7122-3942-4F3B-94A0-03FCADE098B3}.Debug|x86.Deploy.0 = Debug|x86
		{AECD7122-3942-4F3B-94A0-03FCADE098B3}.Release|Any CPU.ActiveCfg = Release|x86
		{AECD7122-3942-4F3B-94A0-03FCADE098B3}.Release|ARM.ActiveCfg = Release|ARM
		{AECD7122-3942-4F3B-94A0-03FCADE098B3}.Release|ARM.Build.0 = Release|ARM
		{AECD7122-3942-4F3B-94A0-03FCADE098B3}.Release|ARM.Deploy.0 = Release|ARM
		{AECD7122-3942-4F3B-94A0-03FCADE098B3}.Release|iPhone.ActiveCfg = Release|x86
		{AECD7122-3942-4F3B-94A0-03FCADE098B3}.Release|iPhoneSimulator.ActiveCfg = Release|x86
		{AECD7122-3942-4F3B-94A0-03FCADE098B3}.Release|x64.ActiveCfg = Release|x64
		{AECD7122-3942-4F3B-94A0-03FCADE098B3}.Release|x64.Build.0 = Release|x64
		{AECD7122-3942-4F3B-94A0-03FCADE098B3}.Release|x64.Deploy.0 = Release|x64
		{AECD7122-3942-4F3B-94A0-03FCADE098B3}.Release|x86.ActiveCfg = Release|x86
		{AECD7122-3942-4F3B-94A0-03FCADE098B3}.Release|x86.Build.0 = Release|x86
		{AECD7122-3942-4F3B-94A0-03FCADE098B3}.Release|x86.Deploy.0 = Release|x86
		{FC96DE58-0B41-4996-8030-84BF5684B4A0}.Ad-Hoc|Any CPU.ActiveCfg = Release|Any CPU
		{FC96DE58-0B41-4996-8030-84BF5684B4A0}.Ad-Hoc|Any CPU.Build.0 = Release|Any CPU
		{FC96DE58-0B41-4996-8030-84BF5684B4A0}.Ad-Hoc|ARM.ActiveCfg = Release|ARM
		{FC96DE58-0B41-4996-8030-84BF5684B4A0}.Ad-Hoc|ARM.Build.0 = Release|ARM
		{FC96DE58-0B41-4996-8030-84BF5684B4A0}.Ad-Hoc|iPhone.ActiveCfg = Release|Any CPU
		{FC96DE58-0B41-4996-8030-84BF5684B4A0}.Ad-Hoc|iPhone.Build.0 = Release|Any CPU
		{FC96DE58-0B41-4996-8030-84BF5684B4A0}.Ad-Hoc|iPhoneSimulator.ActiveCfg = Release|Any CPU
		{FC96DE58-0B41-4996-8030-84BF5684B4A0}.Ad-Hoc|iPhoneSimulator.Build.0 = Release|Any CPU
		{FC96DE58-0B41-4996-8030-84BF5684B4A0}.Ad-Hoc|x64.ActiveCfg = Release|x64
		{FC96DE58-0B41-4996-8030-84BF5684B4A0}.Ad-Hoc|x64.Build.0 = Release|x64
		{FC96DE58-0B41-4996-8030-84BF5684B4A0}.Ad-Hoc|x86.ActiveCfg = Release|x86
		{FC96DE58-0B41-4996-8030-84BF5684B4A0}.Ad-Hoc|x86.Build.0 = Release|x86
		{FC96DE58-0B41-4996-8030-84BF5684B4A0}.AppStore|Any CPU.ActiveCfg = Release|Any CPU
		{FC96DE58-0B41-4996-8030-84BF5684B4A0}.AppStore|Any CPU.Build.0 = Release|Any CPU
		{FC96DE58-0B41-4996-8030-84BF5684B4A0}.AppStore|ARM.ActiveCfg = Release|ARM
		{FC96DE58-0B41-4996-8030-84BF5684B4A0}.AppStore|ARM.Build.0 = Release|ARM
		{FC96DE58-0B41-4996-8030-84BF5684B4A0}.AppStore|iPhone.ActiveCfg = Release|Any CPU
		{FC96DE58-0B41-4996-8030-84BF5684B4A0}.AppStore|iPhone.Build.0 = Release|Any CPU
		{FC96DE58-0B41-4996-8030-84BF5684B4A0}.AppStore|iPhoneSimulator.ActiveCfg = Release|Any CPU
		{FC96DE58-0B41-4996-8030-84BF5684B4A0}.AppStore|iPhoneSimulator.Build.0 = Release|Any CPU
		{FC96DE58-0B41-4996-8030-84BF5684B4A0}.AppStore|x64.ActiveCfg = Release|x64
		{FC96DE58-0B41-4996-8030-84BF5684B4A0}.AppStore|x64.Build.0 = Release|x64
		{FC96DE58-0B41-4996-8030-84BF5684B4A0}.AppStore|x86.ActiveCfg = Release|x86
		{FC96DE58-0B41-4996-8030-84BF5684B4A0}.AppStore|x86.Build.0 = Release|x86
		{FC96DE58-0B41-4996-8030-84BF5684B4A0}.Debug|Any CPU.ActiveCfg = Debug|Any CPU
		{FC96DE58-0B41-4996-8030-84BF5684B4A0}.Debug|Any CPU.Build.0 = Debug|Any CPU
		{FC96DE58-0B41-4996-8030-84BF5684B4A0}.Debug|ARM.ActiveCfg = Debug|ARM
		{FC96DE58-0B41-4996-8030-84BF5684B4A0}.Debug|ARM.Build.0 = Debug|ARM
		{FC96DE58-0B41-4996-8030-84BF5684B4A0}.Debug|iPhone.ActiveCfg = Debug|Any CPU
		{FC96DE58-0B41-4996-8030-84BF5684B4A0}.Debug|iPhone.Build.0 = Debug|Any CPU
		{FC96DE58-0B41-4996-8030-84BF5684B4A0}.Debug|iPhoneSimulator.ActiveCfg = Debug|Any CPU
		{FC96DE58-0B41-4996-8030-84BF5684B4A0}.Debug|iPhoneSimulator.Build.0 = Debug|Any CPU
		{FC96DE58-0B41-4996-8030-84BF5684B4A0}.Debug|x64.ActiveCfg = Debug|x64
		{FC96DE58-0B41-4996-8030-84BF5684B4A0}.Debug|x64.Build.0 = Debug|x64
		{FC96DE58-0B41-4996-8030-84BF5684B4A0}.Debug|x86.ActiveCfg = Debug|x86
		{FC96DE58-0B41-4996-8030-84BF5684B4A0}.Debug|x86.Build.0 = Debug|x86
		{FC96DE58-0B41-4996-8030-84BF5684B4A0}.Release|Any CPU.ActiveCfg = Release|Any CPU
		{FC96DE58-0B41-4996-8030-84BF5684B4A0}.Release|Any CPU.Build.0 = Release|Any CPU
		{FC96DE58-0B41-4996-8030-84BF5684B4A0}.Release|ARM.ActiveCfg = Release|ARM
		{FC96DE58-0B41-4996-8030-84BF5684B4A0}.Release|ARM.Build.0 = Release|ARM
		{FC96DE58-0B41-4996-8030-84BF5684B4A0}.Release|iPhone.ActiveCfg = Release|Any CPU
		{FC96DE58-0B41-4996-8030-84BF5684B4A0}.Release|iPhone.Build.0 = Release|Any CPU
		{FC96DE58-0B41-4996-8030-84BF5684B4A0}.Release|iPhoneSimulator.ActiveCfg = Release|Any CPU
		{FC96DE58-0B41-4996-8030-84BF5684B4A0}.Release|iPhoneSimulator.Build.0 = Release|Any CPU
		{FC96DE58-0B41-4996-8030-84BF5684B4A0}.Release|x64.ActiveCfg = Release|x64
		{FC96DE58-0B41-4996-8030-84BF5684B4A0}.Release|x64.Build.0 = Release|x64
		{FC96DE58-0B41-4996-8030-84BF5684B4A0}.Release|x86.ActiveCfg = Release|x86
		{FC96DE58-0B41-4996-8030-84BF5684B4A0}.Release|x86.Build.0 = Release|x86
		{AB907ED3-FFBF-48E6-B0C3-BB1151408484}.Ad-Hoc|Any CPU.ActiveCfg = Release|Any CPU
		{AB907ED3-FFBF-48E6-B0C3-BB1151408484}.Ad-Hoc|Any CPU.Build.0 = Release|Any CPU
		{AB907ED3-FFBF-48E6-B0C3-BB1151408484}.Ad-Hoc|ARM.ActiveCfg = Release|ARM
		{AB907ED3-FFBF-48E6-B0C3-BB1151408484}.Ad-Hoc|ARM.Build.0 = Release|ARM
		{AB907ED3-FFBF-48E6-B0C3-BB1151408484}.Ad-Hoc|iPhone.ActiveCfg = Release|Any CPU
		{AB907ED3-FFBF-48E6-B0C3-BB1151408484}.Ad-Hoc|iPhone.Build.0 = Release|Any CPU
		{AB907ED3-FFBF-48E6-B0C3-BB1151408484}.Ad-Hoc|iPhoneSimulator.ActiveCfg = Release|Any CPU
		{AB907ED3-FFBF-48E6-B0C3-BB1151408484}.Ad-Hoc|iPhoneSimulator.Build.0 = Release|Any CPU
		{AB907ED3-FFBF-48E6-B0C3-BB1151408484}.Ad-Hoc|x64.ActiveCfg = Release|x64
		{AB907ED3-FFBF-48E6-B0C3-BB1151408484}.Ad-Hoc|x64.Build.0 = Release|x64
		{AB907ED3-FFBF-48E6-B0C3-BB1151408484}.Ad-Hoc|x86.ActiveCfg = Release|x86
		{AB907ED3-FFBF-48E6-B0C3-BB1151408484}.Ad-Hoc|x86.Build.0 = Release|x86
		{AB907ED3-FFBF-48E6-B0C3-BB1151408484}.AppStore|Any CPU.ActiveCfg = Release|Any CPU
		{AB907ED3-FFBF-48E6-B0C3-BB1151408484}.AppStore|Any CPU.Build.0 = Release|Any CPU
		{AB907ED3-FFBF-48E6-B0C3-BB1151408484}.AppStore|ARM.ActiveCfg = Release|ARM
		{AB907ED3-FFBF-48E6-B0C3-BB1151408484}.AppStore|ARM.Build.0 = Release|ARM
		{AB907ED3-FFBF-48E6-B0C3-BB1151408484}.AppStore|iPhone.ActiveCfg = Release|Any CPU
		{AB907ED3-FFBF-48E6-B0C3-BB1151408484}.AppStore|iPhone.Build.0 = Release|Any CPU
		{AB907ED3-FFBF-48E6-B0C3-BB1151408484}.AppStore|iPhoneSimulator.ActiveCfg = Release|Any CPU
		{AB907ED3-FFBF-48E6-B0C3-BB1151408484}.AppStore|iPhoneSimulator.Build.0 = Release|Any CPU
		{AB907ED3-FFBF-48E6-B0C3-BB1151408484}.AppStore|x64.ActiveCfg = Release|x64
		{AB907ED3-FFBF-48E6-B0C3-BB1151408484}.AppStore|x64.Build.0 = Release|x64
		{AB907ED3-FFBF-48E6-B0C3-BB1151408484}.AppStore|x86.ActiveCfg = Release|x86
		{AB907ED3-FFBF-48E6-B0C3-BB1151408484}.AppStore|x86.Build.0 = Release|x86
		{AB907ED3-FFBF-48E6-B0C3-BB1151408484}.Debug|Any CPU.ActiveCfg = Debug|Any CPU
		{AB907ED3-FFBF-48E6-B0C3-BB1151408484}.Debug|Any CPU.Build.0 = Debug|Any CPU
		{AB907ED3-FFBF-48E6-B0C3-BB1151408484}.Debug|ARM.ActiveCfg = Debug|ARM
		{AB907ED3-FFBF-48E6-B0C3-BB1151408484}.Debug|ARM.Build.0 = Debug|ARM
		{AB907ED3-FFBF-48E6-B0C3-BB1151408484}.Debug|iPhone.ActiveCfg = Debug|Any CPU
		{AB907ED3-FFBF-48E6-B0C3-BB1151408484}.Debug|iPhone.Build.0 = Debug|Any CPU
		{AB907ED3-FFBF-48E6-B0C3-BB1151408484}.Debug|iPhoneSimulator.ActiveCfg = Debug|Any CPU
		{AB907ED3-FFBF-48E6-B0C3-BB1151408484}.Debug|iPhoneSimulator.Build.0 = Debug|Any CPU
		{AB907ED3-FFBF-48E6-B0C3-BB1151408484}.Debug|x64.ActiveCfg = Debug|x64
		{AB907ED3-FFBF-48E6-B0C3-BB1151408484}.Debug|x64.Build.0 = Debug|x64
		{AB907ED3-FFBF-48E6-B0C3-BB1151408484}.Debug|x86.ActiveCfg = Debug|x86
		{AB907ED3-FFBF-48E6-B0C3-BB1151408484}.Debug|x86.Build.0 = Debug|x86
		{AB907ED3-FFBF-48E6-B0C3-BB1151408484}.Release|Any CPU.ActiveCfg = Release|Any CPU
		{AB907ED3-FFBF-48E6-B0C3-BB1151408484}.Release|Any CPU.Build.0 = Release|Any CPU
		{AB907ED3-FFBF-48E6-B0C3-BB1151408484}.Release|ARM.ActiveCfg = Release|ARM
		{AB907ED3-FFBF-48E6-B0C3-BB1151408484}.Release|ARM.Build.0 = Release|ARM
		{AB907ED3-FFBF-48E6-B0C3-BB1151408484}.Release|iPhone.ActiveCfg = Release|Any CPU
		{AB907ED3-FFBF-48E6-B0C3-BB1151408484}.Release|iPhone.Build.0 = Release|Any CPU
		{AB907ED3-FFBF-48E6-B0C3-BB1151408484}.Release|iPhoneSimulator.ActiveCfg = Release|Any CPU
		{AB907ED3-FFBF-48E6-B0C3-BB1151408484}.Release|iPhoneSimulator.Build.0 = Release|Any CPU
		{AB907ED3-FFBF-48E6-B0C3-BB1151408484}.Release|x64.ActiveCfg = Release|x64
		{AB907ED3-FFBF-48E6-B0C3-BB1151408484}.Release|x64.Build.0 = Release|x64
		{AB907ED3-FFBF-48E6-B0C3-BB1151408484}.Release|x86.ActiveCfg = Release|x86
		{AB907ED3-FFBF-48E6-B0C3-BB1151408484}.Release|x86.Build.0 = Release|x86
		{02E851AE-B6D4-4607-B42F-B1C9EE52FB09}.Ad-Hoc|Any CPU.ActiveCfg = Release|Any CPU
		{02E851AE-B6D4-4607-B42F-B1C9EE52FB09}.Ad-Hoc|Any CPU.Build.0 = Release|Any CPU
		{02E851AE-B6D4-4607-B42F-B1C9EE52FB09}.Ad-Hoc|ARM.ActiveCfg = Release|ARM
		{02E851AE-B6D4-4607-B42F-B1C9EE52FB09}.Ad-Hoc|ARM.Build.0 = Release|ARM
		{02E851AE-B6D4-4607-B42F-B1C9EE52FB09}.Ad-Hoc|iPhone.ActiveCfg = Release|Any CPU
		{02E851AE-B6D4-4607-B42F-B1C9EE52FB09}.Ad-Hoc|iPhone.Build.0 = Release|Any CPU
		{02E851AE-B6D4-4607-B42F-B1C9EE52FB09}.Ad-Hoc|iPhoneSimulator.ActiveCfg = Release|Any CPU
		{02E851AE-B6D4-4607-B42F-B1C9EE52FB09}.Ad-Hoc|iPhoneSimulator.Build.0 = Release|Any CPU
		{02E851AE-B6D4-4607-B42F-B1C9EE52FB09}.Ad-Hoc|x64.ActiveCfg = Release|x64
		{02E851AE-B6D4-4607-B42F-B1C9EE52FB09}.Ad-Hoc|x64.Build.0 = Release|x64
		{02E851AE-B6D4-4607-B42F-B1C9EE52FB09}.Ad-Hoc|x86.ActiveCfg = Release|x86
		{02E851AE-B6D4-4607-B42F-B1C9EE52FB09}.Ad-Hoc|x86.Build.0 = Release|x86
		{02E851AE-B6D4-4607-B42F-B1C9EE52FB09}.AppStore|Any CPU.ActiveCfg = Release|Any CPU
		{02E851AE-B6D4-4607-B42F-B1C9EE52FB09}.AppStore|Any CPU.Build.0 = Release|Any CPU
		{02E851AE-B6D4-4607-B42F-B1C9EE52FB09}.AppStore|ARM.ActiveCfg = Release|ARM
		{02E851AE-B6D4-4607-B42F-B1C9EE52FB09}.AppStore|ARM.Build.0 = Release|ARM
		{02E851AE-B6D4-4607-B42F-B1C9EE52FB09}.AppStore|iPhone.ActiveCfg = Release|Any CPU
		{02E851AE-B6D4-4607-B42F-B1C9EE52FB09}.AppStore|iPhone.Build.0 = Release|Any CPU
		{02E851AE-B6D4-4607-B42F-B1C9EE52FB09}.AppStore|iPhoneSimulator.ActiveCfg = Release|Any CPU
		{02E851AE-B6D4-4607-B42F-B1C9EE52FB09}.AppStore|iPhoneSimulator.Build.0 = Release|Any CPU
		{02E851AE-B6D4-4607-B42F-B1C9EE52FB09}.AppStore|x64.ActiveCfg = Release|x64
		{02E851AE-B6D4-4607-B42F-B1C9EE52FB09}.AppStore|x64.Build.0 = Release|x64
		{02E851AE-B6D4-4607-B42F-B1C9EE52FB09}.AppStore|x86.ActiveCfg = Release|x86
		{02E851AE-B6D4-4607-B42F-B1C9EE52FB09}.AppStore|x86.Build.0 = Release|x86
		{02E851AE-B6D4-4607-B42F-B1C9EE52FB09}.Debug|Any CPU.ActiveCfg = Debug|Any CPU
		{02E851AE-B6D4-4607-B42F-B1C9EE52FB09}.Debug|Any CPU.Build.0 = Debug|Any CPU
		{02E851AE-B6D4-4607-B42F-B1C9EE52FB09}.Debug|ARM.ActiveCfg = Debug|ARM
		{02E851AE-B6D4-4607-B42F-B1C9EE52FB09}.Debug|ARM.Build.0 = Debug|ARM
		{02E851AE-B6D4-4607-B42F-B1C9EE52FB09}.Debug|iPhone.ActiveCfg = Debug|Any CPU
		{02E851AE-B6D4-4607-B42F-B1C9EE52FB09}.Debug|iPhone.Build.0 = Debug|Any CPU
		{02E851AE-B6D4-4607-B42F-B1C9EE52FB09}.Debug|iPhoneSimulator.ActiveCfg = Debug|Any CPU
		{02E851AE-B6D4-4607-B42F-B1C9EE52FB09}.Debug|iPhoneSimulator.Build.0 = Debug|Any CPU
		{02E851AE-B6D4-4607-B42F-B1C9EE52FB09}.Debug|x64.ActiveCfg = Debug|x64
		{02E851AE-B6D4-4607-B42F-B1C9EE52FB09}.Debug|x64.Build.0 = Debug|x64
		{02E851AE-B6D4-4607-B42F-B1C9EE52FB09}.Debug|x86.ActiveCfg = Debug|x86
		{02E851AE-B6D4-4607-B42F-B1C9EE52FB09}.Debug|x86.Build.0 = Debug|x86
		{02E851AE-B6D4-4607-B42F-B1C9EE52FB09}.Release|Any CPU.ActiveCfg = Release|Any CPU
		{02E851AE-B6D4-4607-B42F-B1C9EE52FB09}.Release|Any CPU.Build.0 = Release|Any CPU
		{02E851AE-B6D4-4607-B42F-B1C9EE52FB09}.Release|ARM.ActiveCfg = Release|ARM
		{02E851AE-B6D4-4607-B42F-B1C9EE52FB09}.Release|ARM.Build.0 = Release|ARM
		{02E851AE-B6D4-4607-B42F-B1C9EE52FB09}.Release|iPhone.ActiveCfg = Release|Any CPU
		{02E851AE-B6D4-4607-B42F-B1C9EE52FB09}.Release|iPhone.Build.0 = Release|Any CPU
		{02E851AE-B6D4-4607-B42F-B1C9EE52FB09}.Release|iPhoneSimulator.ActiveCfg = Release|Any CPU
		{02E851AE-B6D4-4607-B42F-B1C9EE52FB09}.Release|iPhoneSimulator.Build.0 = Release|Any CPU
		{02E851AE-B6D4-4607-B42F-B1C9EE52FB09}.Release|x64.ActiveCfg = Release|x64
		{02E851AE-B6D4-4607-B42F-B1C9EE52FB09}.Release|x64.Build.0 = Release|x64
		{02E851AE-B6D4-4607-B42F-B1C9EE52FB09}.Release|x86.ActiveCfg = Release|x86
		{02E851AE-B6D4-4607-B42F-B1C9EE52FB09}.Release|x86.Build.0 = Release|x86
	EndGlobalSection
	GlobalSection(SolutionProperties) = preSolution
		HideSolutionNode = FALSE
	EndGlobalSection
	GlobalSection(NestedProjects) = preSolution
		{AECD7122-3942-4F3B-94A0-03FCADE098B3} = {2F5CE0F5-B2F5-4637-B4A3-34E23AD15FBC}
		{FC96DE58-0B41-4996-8030-84BF5684B4A0} = {2F5CE0F5-B2F5-4637-B4A3-34E23AD15FBC}
		{AB907ED3-FFBF-48E6-B0C3-BB1151408484} = {2F5CE0F5-B2F5-4637-B4A3-34E23AD15FBC}
		{02E851AE-B6D4-4607-B42F-B1C9EE52FB09} = {2F5CE0F5-B2F5-4637-B4A3-34E23AD15FBC}
	EndGlobalSection
EndGlobal
