
Microsoft Visual Studio Solution File, Format Version 12.00
# Visual Studio 15
VisualStudioVersion = 15.0.27004.2010
MinimumVisualStudioVersion = 10.0.40219.1
Project("{FAE04EC0-301F-11D3-BF4B-00C04F79EFBC}") = "SmartHouse.UWPClient", "SmartHouse.UWPClient\SmartHouse.UWPClient.csproj", "{AECD7122-3942-4F3B-94A0-03FCADE098B3}"
EndProject
Project("{FAE04EC0-301F-11D3-BF4B-00C04F79EFBC}") = "SmartHouseCommandService", "SmartHouseCommandService\SmartHouseCommandService.csproj", "{FC96DE58-0B41-4996-8030-84BF5684B4A0}"
EndProject
Project("{2150E333-8FDC-42A3-9474-1A3956D46DE8}") = "Mobile", "Mobile", "{2F5CE0F5-B2F5-4637-B4A3-34E23AD15FBC}"
EndProject
Project("{FAE04EC0-301F-11D3-BF4B-00C04F79EFBC}") = "SmartHouse.UWPLib", "SmartHouse.UWPLib\SmartHouse.UWPLib.csproj", "{AB907ED3-FFBF-48E6-B0C3-BB1151408484}"
EndProject
Project("{FAE04EC0-301F-11D3-BF4B-00C04F79EFBC}") = "BackgroundTask", "BackgroundTask\BackgroundTask.csproj", "{02E851AE-B6D4-4607-B42F-B1C9EE52FB09}"
EndProject
Project("{2150E333-8FDC-42A3-9474-1A3956D46DE8}") = "Web", "Web", "{5FCCCC2E-A9EA-438E-8BB3-E8AD7179623B}"
EndProject
Project("{FAE04EC0-301F-11D3-BF4B-00C04F79EFBC}") = "SmartHouseWeb", "SmartHouseWeb\SmartHouseWeb.csproj", "{3C3630B4-270F-49DC-BEA9-FBF3784D0695}"
EndProject
Project("{FAE04EC0-301F-11D3-BF4B-00C04F79EFBC}") = "SmartHouseWeb.Tests", "SmartHouseWeb.Tests\SmartHouseWeb.Tests.csproj", "{3DA1DC70-C261-4ECA-95D4-505537419779}"
EndProject
Project("{FAE04EC0-301F-11D3-BF4B-00C04F79EFBC}") = "SmartHouseWebLib", "SmartHouseWebLib\SmartHouseWebLib.csproj", "{7043FBEA-FAD4-48EC-A005-FE9460888DA0}"
EndProject
Project("{FAE04EC0-301F-11D3-BF4B-00C04F79EFBC}") = "SmartHouseBackgroundIoT", "SmartHouseBackgroundIoT\SmartHouseBackgroundIoT.csproj", "{5C3BADF2-D70B-48D9-9E59-93AAC23B3DCD}"
EndProject
Project("{FAE04EC0-301F-11D3-BF4B-00C04F79EFBC}") = "BackgroundPhoneTask", "BackgroundPhoneTask\BackgroundPhoneTask.csproj", "{646AF942-CD8E-4971-B9B3-7C18B4E0DE65}"
EndProject
Project("{FAE04EC0-301F-11D3-BF4B-00C04F79EFBC}") = "SmartHouse.LastFMApi", "SmartHouse.LastFMApi\SmartHouse.LastFMApi.csproj", "{2500D7A6-C39A-4C79-A668-315B57BEA94F}"
EndProject
Project("{9A19103F-16F7-4668-BE54-9A1E7A4F7556}") = "SmartHouse.Shared", "SmartHouse.Shared\SmartHouse.Shared.csproj", "{CD56E39B-2C1E-4A5F-9551-315D33F8B18E}"
EndProject
Global
	GlobalSection(SolutionConfigurationPlatforms) = preSolution
		Ad-Hoc|Any CPU = Ad-Hoc|Any CPU
		Ad-Hoc|ARM = Ad-Hoc|ARM
		Ad-Hoc|iPhone = Ad-Hoc|iPhone
		Ad-Hoc|iPhoneSimulator = Ad-Hoc|iPhoneSimulator
		Ad-Hoc|x64 = Ad-Hoc|x64
		Ad-Hoc|x86 = Ad-Hoc|x86
		AppStore|Any CPU = AppStore|Any CPU
		AppStore|ARM = AppStore|ARM
		AppStore|iPhone = AppStore|iPhone
		AppStore|iPhoneSimulator = AppStore|iPhoneSimulator
		AppStore|x64 = AppStore|x64
		AppStore|x86 = AppStore|x86
		Debug|Any CPU = Debug|Any CPU
		Debug|ARM = Debug|ARM
		Debug|iPhone = Debug|iPhone
		Debug|iPhoneSimulator = Debug|iPhoneSimulator
		Debug|x64 = Debug|x64
		Debug|x86 = Debug|x86
		Release|Any CPU = Release|Any CPU
		Release|ARM = Release|ARM
		Release|iPhone = Release|iPhone
		Release|iPhoneSimulator = Release|iPhoneSimulator
		Release|x64 = Release|x64
		Release|x86 = Release|x86
	EndGlobalSection
	GlobalSection(ProjectConfigurationPlatforms) = postSolution
		{AECD7122-3942-4F3B-94A0-03FCADE098B3}.Ad-Hoc|Any CPU.ActiveCfg = Release|x64
		{AECD7122-3942-4F3B-94A0-03FCADE098B3}.Ad-Hoc|Any CPU.Build.0 = Release|x64
		{AECD7122-3942-4F3B-94A0-03FCADE098B3}.Ad-Hoc|Any CPU.Deploy.0 = Release|x64
		{AECD7122-3942-4F3B-94A0-03FCADE098B3}.Ad-Hoc|ARM.ActiveCfg = Release|ARM
		{AECD7122-3942-4F3B-94A0-03FCADE098B3}.Ad-Hoc|ARM.Build.0 = Release|ARM
		{AECD7122-3942-4F3B-94A0-03FCADE098B3}.Ad-Hoc|ARM.Deploy.0 = Release|ARM
		{AECD7122-3942-4F3B-94A0-03FCADE098B3}.Ad-Hoc|iPhone.ActiveCfg = Release|x64
		{AECD7122-3942-4F3B-94A0-03FCADE098B3}.Ad-Hoc|iPhone.Build.0 = Release|x64
		{AECD7122-3942-4F3B-94A0-03FCADE098B3}.Ad-Hoc|iPhone.Deploy.0 = Release|x64
		{AECD7122-3942-4F3B-94A0-03FCADE098B3}.Ad-Hoc|iPhoneSimulator.ActiveCfg = Release|x64
		{AECD7122-3942-4F3B-94A0-03FCADE098B3}.Ad-Hoc|iPhoneSimulator.Build.0 = Release|x64
		{AECD7122-3942-4F3B-94A0-03FCADE098B3}.Ad-Hoc|iPhoneSimulator.Deploy.0 = Release|x64
		{AECD7122-3942-4F3B-94A0-03FCADE098B3}.Ad-Hoc|x64.ActiveCfg = Release|x64
		{AECD7122-3942-4F3B-94A0-03FCADE098B3}.Ad-Hoc|x64.Build.0 = Release|x64
		{AECD7122-3942-4F3B-94A0-03FCADE098B3}.Ad-Hoc|x64.Deploy.0 = Release|x64
		{AECD7122-3942-4F3B-94A0-03FCADE098B3}.Ad-Hoc|x86.ActiveCfg = Release|x86
		{AECD7122-3942-4F3B-94A0-03FCADE098B3}.Ad-Hoc|x86.Build.0 = Release|x86
		{AECD7122-3942-4F3B-94A0-03FCADE098B3}.Ad-Hoc|x86.Deploy.0 = Release|x86
		{AECD7122-3942-4F3B-94A0-03FCADE098B3}.AppStore|Any CPU.ActiveCfg = Release|x64
		{AECD7122-3942-4F3B-94A0-03FCADE098B3}.AppStore|Any CPU.Build.0 = Release|x64
		{AECD7122-3942-4F3B-94A0-03FCADE098B3}.AppStore|Any CPU.Deploy.0 = Release|x64
		{AECD7122-3942-4F3B-94A0-03FCADE098B3}.AppStore|ARM.ActiveCfg = Release|ARM
		{AECD7122-3942-4F3B-94A0-03FCADE098B3}.AppStore|ARM.Build.0 = Release|ARM
		{AECD7122-3942-4F3B-94A0-03FCADE098B3}.AppStore|ARM.Deploy.0 = Release|ARM
		{AECD7122-3942-4F3B-94A0-03FCADE098B3}.AppStore|iPhone.ActiveCfg = Release|x64
		{AECD7122-3942-4F3B-94A0-03FCADE098B3}.AppStore|iPhone.Build.0 = Release|x64
		{AECD7122-3942-4F3B-94A0-03FCADE098B3}.AppStore|iPhone.Deploy.0 = Release|x64
		{AECD7122-3942-4F3B-94A0-03FCADE098B3}.AppStore|iPhoneSimulator.ActiveCfg = Release|x64
		{AECD7122-3942-4F3B-94A0-03FCADE098B3}.AppStore|iPhoneSimulator.Build.0 = Release|x64
		{AECD7122-3942-4F3B-94A0-03FCADE098B3}.AppStore|iPhoneSimulator.Deploy.0 = Release|x64
		{AECD7122-3942-4F3B-94A0-03FCADE098B3}.AppStore|x64.ActiveCfg = Release|x64
		{AECD7122-3942-4F3B-94A0-03FCADE098B3}.AppStore|x64.Build.0 = Release|x64
		{AECD7122-3942-4F3B-94A0-03FCADE098B3}.AppStore|x64.Deploy.0 = Release|x64
		{AECD7122-3942-4F3B-94A0-03FCADE098B3}.AppStore|x86.ActiveCfg = Release|x86
		{AECD7122-3942-4F3B-94A0-03FCADE098B3}.AppStore|x86.Build.0 = Release|x86
		{AECD7122-3942-4F3B-94A0-03FCADE098B3}.AppStore|x86.Deploy.0 = Release|x86
		{AECD7122-3942-4F3B-94A0-03FCADE098B3}.Debug|Any CPU.ActiveCfg = Debug|x86
		{AECD7122-3942-4F3B-94A0-03FCADE098B3}.Debug|Any CPU.Build.0 = Debug|x86
		{AECD7122-3942-4F3B-94A0-03FCADE098B3}.Debug|Any CPU.Deploy.0 = Debug|x86
		{AECD7122-3942-4F3B-94A0-03FCADE098B3}.Debug|ARM.ActiveCfg = Debug|ARM
		{AECD7122-3942-4F3B-94A0-03FCADE098B3}.Debug|ARM.Build.0 = Debug|ARM
		{AECD7122-3942-4F3B-94A0-03FCADE098B3}.Debug|ARM.Deploy.0 = Debug|ARM
		{AECD7122-3942-4F3B-94A0-03FCADE098B3}.Debug|iPhone.ActiveCfg = Debug|x86
		{AECD7122-3942-4F3B-94A0-03FCADE098B3}.Debug|iPhoneSimulator.ActiveCfg = Debug|x86
		{AECD7122-3942-4F3B-94A0-03FCADE098B3}.Debug|x64.ActiveCfg = Debug|x64
		{AECD7122-3942-4F3B-94A0-03FCADE098B3}.Debug|x64.Build.0 = Debug|x64
		{AECD7122-3942-4F3B-94A0-03FCADE098B3}.Debug|x64.Deploy.0 = Debug|x64
		{AECD7122-3942-4F3B-94A0-03FCADE098B3}.Debug|x86.ActiveCfg = Debug|x86
		{AECD7122-3942-4F3B-94A0-03FCADE098B3}.Debug|x86.Build.0 = Debug|x86
		{AECD7122-3942-4F3B-94A0-03FCADE098B3}.Debug|x86.Deploy.0 = Debug|x86
		{AECD7122-3942-4F3B-94A0-03FCADE098B3}.Release|Any CPU.ActiveCfg = Release|x86
		{AECD7122-3942-4F3B-94A0-03FCADE098B3}.Release|ARM.ActiveCfg = Release|ARM
		{AECD7122-3942-4F3B-94A0-03FCADE098B3}.Release|ARM.Build.0 = Release|ARM
		{AECD7122-3942-4F3B-94A0-03FCADE098B3}.Release|ARM.Deploy.0 = Release|ARM
		{AECD7122-3942-4F3B-94A0-03FCADE098B3}.Release|iPhone.ActiveCfg = Release|x86
		{AECD7122-3942-4F3B-94A0-03FCADE098B3}.Release|iPhoneSimulator.ActiveCfg = Release|x86
		{AECD7122-3942-4F3B-94A0-03FCADE098B3}.Release|x64.ActiveCfg = Release|x64
		{AECD7122-3942-4F3B-94A0-03FCADE098B3}.Release|x64.Build.0 = Release|x64
		{AECD7122-3942-4F3B-94A0-03FCADE098B3}.Release|x64.Deploy.0 = Release|x64
		{AECD7122-3942-4F3B-94A0-03FCADE098B3}.Release|x86.ActiveCfg = Release|x86
		{AECD7122-3942-4F3B-94A0-03FCADE098B3}.Release|x86.Build.0 = Release|x86
		{AECD7122-3942-4F3B-94A0-03FCADE098B3}.Release|x86.Deploy.0 = Release|x86
		{FC96DE58-0B41-4996-8030-84BF5684B4A0}.Ad-Hoc|Any CPU.ActiveCfg = Release|Any CPU
		{FC96DE58-0B41-4996-8030-84BF5684B4A0}.Ad-Hoc|Any CPU.Build.0 = Release|Any CPU
		{FC96DE58-0B41-4996-8030-84BF5684B4A0}.Ad-Hoc|ARM.ActiveCfg = Release|ARM
		{FC96DE58-0B41-4996-8030-84BF5684B4A0}.Ad-Hoc|ARM.Build.0 = Release|ARM
		{FC96DE58-0B41-4996-8030-84BF5684B4A0}.Ad-Hoc|iPhone.ActiveCfg = Release|Any CPU
		{FC96DE58-0B41-4996-8030-84BF5684B4A0}.Ad-Hoc|iPhone.Build.0 = Release|Any CPU
		{FC96DE58-0B41-4996-8030-84BF5684B4A0}.Ad-Hoc|iPhoneSimulator.ActiveCfg = Release|Any CPU
		{FC96DE58-0B41-4996-8030-84BF5684B4A0}.Ad-Hoc|iPhoneSimulator.Build.0 = Release|Any CPU
		{FC96DE58-0B41-4996-8030-84BF5684B4A0}.Ad-Hoc|x64.ActiveCfg = Release|x64
		{FC96DE58-0B41-4996-8030-84BF5684B4A0}.Ad-Hoc|x64.Build.0 = Release|x64
		{FC96DE58-0B41-4996-8030-84BF5684B4A0}.Ad-Hoc|x86.ActiveCfg = Release|x86
		{FC96DE58-0B41-4996-8030-84BF5684B4A0}.Ad-Hoc|x86.Build.0 = Release|x86
		{FC96DE58-0B41-4996-8030-84BF5684B4A0}.AppStore|Any CPU.ActiveCfg = Release|Any CPU
		{FC96DE58-0B41-4996-8030-84BF5684B4A0}.AppStore|Any CPU.Build.0 = Release|Any CPU
		{FC96DE58-0B41-4996-8030-84BF5684B4A0}.AppStore|ARM.ActiveCfg = Release|ARM
		{FC96DE58-0B41-4996-8030-84BF5684B4A0}.AppStore|ARM.Build.0 = Release|ARM
		{FC96DE58-0B41-4996-8030-84BF5684B4A0}.AppStore|iPhone.ActiveCfg = Release|Any CPU
		{FC96DE58-0B41-4996-8030-84BF5684B4A0}.AppStore|iPhone.Build.0 = Release|Any CPU
		{FC96DE58-0B41-4996-8030-84BF5684B4A0}.AppStore|iPhoneSimulator.ActiveCfg = Release|Any CPU
		{FC96DE58-0B41-4996-8030-84BF5684B4A0}.AppStore|iPhoneSimulator.Build.0 = Release|Any CPU
		{FC96DE58-0B41-4996-8030-84BF5684B4A0}.AppStore|x64.ActiveCfg = Release|x64
		{FC96DE58-0B41-4996-8030-84BF5684B4A0}.AppStore|x64.Build.0 = Release|x64
		{FC96DE58-0B41-4996-8030-84BF5684B4A0}.AppStore|x86.ActiveCfg = Release|x86
		{FC96DE58-0B41-4996-8030-84BF5684B4A0}.AppStore|x86.Build.0 = Release|x86
		{FC96DE58-0B41-4996-8030-84BF5684B4A0}.Debug|Any CPU.ActiveCfg = Debug|Any CPU
		{FC96DE58-0B41-4996-8030-84BF5684B4A0}.Debug|Any CPU.Build.0 = Debug|Any CPU
		{FC96DE58-0B41-4996-8030-84BF5684B4A0}.Debug|ARM.ActiveCfg = Debug|ARM
		{FC96DE58-0B41-4996-8030-84BF5684B4A0}.Debug|ARM.Build.0 = Debug|ARM
		{FC96DE58-0B41-4996-8030-84BF5684B4A0}.Debug|iPhone.ActiveCfg = Debug|Any CPU
		{FC96DE58-0B41-4996-8030-84BF5684B4A0}.Debug|iPhone.Build.0 = Debug|Any CPU
		{FC96DE58-0B41-4996-8030-84BF5684B4A0}.Debug|iPhoneSimulator.ActiveCfg = Debug|Any CPU
		{FC96DE58-0B41-4996-8030-84BF5684B4A0}.Debug|iPhoneSimulator.Build.0 = Debug|Any CPU
		{FC96DE58-0B41-4996-8030-84BF5684B4A0}.Debug|x64.ActiveCfg = Debug|x64
		{FC96DE58-0B41-4996-8030-84BF5684B4A0}.Debug|x64.Build.0 = Debug|x64
		{FC96DE58-0B41-4996-8030-84BF5684B4A0}.Debug|x86.ActiveCfg = Debug|x86
		{FC96DE58-0B41-4996-8030-84BF5684B4A0}.Debug|x86.Build.0 = Debug|x86
		{FC96DE58-0B41-4996-8030-84BF5684B4A0}.Release|Any CPU.ActiveCfg = Release|Any CPU
		{FC96DE58-0B41-4996-8030-84BF5684B4A0}.Release|Any CPU.Build.0 = Release|Any CPU
		{FC96DE58-0B41-4996-8030-84BF5684B4A0}.Release|ARM.ActiveCfg = Release|ARM
		{FC96DE58-0B41-4996-8030-84BF5684B4A0}.Release|ARM.Build.0 = Release|ARM
		{FC96DE58-0B41-4996-8030-84BF5684B4A0}.Release|iPhone.ActiveCfg = Release|Any CPU
		{FC96DE58-0B41-4996-8030-84BF5684B4A0}.Release|iPhone.Build.0 = Release|Any CPU
		{FC96DE58-0B41-4996-8030-84BF5684B4A0}.Release|iPhoneSimulator.ActiveCfg = Release|Any CPU
		{FC96DE58-0B41-4996-8030-84BF5684B4A0}.Release|iPhoneSimulator.Build.0 = Release|Any CPU
		{FC96DE58-0B41-4996-8030-84BF5684B4A0}.Release|x64.ActiveCfg = Release|x64
		{FC96DE58-0B41-4996-8030-84BF5684B4A0}.Release|x64.Build.0 = Release|x64
		{FC96DE58-0B41-4996-8030-84BF5684B4A0}.Release|x86.ActiveCfg = Release|x86
		{FC96DE58-0B41-4996-8030-84BF5684B4A0}.Release|x86.Build.0 = Release|x86
		{AB907ED3-FFBF-48E6-B0C3-BB1151408484}.Ad-Hoc|Any CPU.ActiveCfg = Release|Any CPU
		{AB907ED3-FFBF-48E6-B0C3-BB1151408484}.Ad-Hoc|Any CPU.Build.0 = Release|Any CPU
		{AB907ED3-FFBF-48E6-B0C3-BB1151408484}.Ad-Hoc|ARM.ActiveCfg = Release|ARM
		{AB907ED3-FFBF-48E6-B0C3-BB1151408484}.Ad-Hoc|ARM.Build.0 = Release|ARM
		{AB907ED3-FFBF-48E6-B0C3-BB1151408484}.Ad-Hoc|iPhone.ActiveCfg = Release|Any CPU
		{AB907ED3-FFBF-48E6-B0C3-BB1151408484}.Ad-Hoc|iPhone.Build.0 = Release|Any CPU
		{AB907ED3-FFBF-48E6-B0C3-BB1151408484}.Ad-Hoc|iPhoneSimulator.ActiveCfg = Release|Any CPU
		{AB907ED3-FFBF-48E6-B0C3-BB1151408484}.Ad-Hoc|iPhoneSimulator.Build.0 = Release|Any CPU
		{AB907ED3-FFBF-48E6-B0C3-BB1151408484}.Ad-Hoc|x64.ActiveCfg = Release|x64
		{AB907ED3-FFBF-48E6-B0C3-BB1151408484}.Ad-Hoc|x64.Build.0 = Release|x64
		{AB907ED3-FFBF-48E6-B0C3-BB1151408484}.Ad-Hoc|x86.ActiveCfg = Release|x86
		{AB907ED3-FFBF-48E6-B0C3-BB1151408484}.Ad-Hoc|x86.Build.0 = Release|x86
		{AB907ED3-FFBF-48E6-B0C3-BB1151408484}.AppStore|Any CPU.ActiveCfg = Release|Any CPU
		{AB907ED3-FFBF-48E6-B0C3-BB1151408484}.AppStore|Any CPU.Build.0 = Release|Any CPU
		{AB907ED3-FFBF-48E6-B0C3-BB1151408484}.AppStore|ARM.ActiveCfg = Release|ARM
		{AB907ED3-FFBF-48E6-B0C3-BB1151408484}.AppStore|ARM.Build.0 = Release|ARM
		{AB907ED3-FFBF-48E6-B0C3-BB1151408484}.AppStore|iPhone.ActiveCfg = Release|Any CPU
		{AB907ED3-FFBF-48E6-B0C3-BB1151408484}.AppStore|iPhone.Build.0 = Release|Any CPU
		{AB907ED3-FFBF-48E6-B0C3-BB1151408484}.AppStore|iPhoneSimulator.ActiveCfg = Release|Any CPU
		{AB907ED3-FFBF-48E6-B0C3-BB1151408484}.AppStore|iPhoneSimulator.Build.0 = Release|Any CPU
		{AB907ED3-FFBF-48E6-B0C3-BB1151408484}.AppStore|x64.ActiveCfg = Release|x64
		{AB907ED3-FFBF-48E6-B0C3-BB1151408484}.AppStore|x64.Build.0 = Release|x64
		{AB907ED3-FFBF-48E6-B0C3-BB1151408484}.AppStore|x86.ActiveCfg = Release|x86
		{AB907ED3-FFBF-48E6-B0C3-BB1151408484}.AppStore|x86.Build.0 = Release|x86
		{AB907ED3-FFBF-48E6-B0C3-BB1151408484}.Debug|Any CPU.ActiveCfg = Debug|Any CPU
		{AB907ED3-FFBF-48E6-B0C3-BB1151408484}.Debug|Any CPU.Build.0 = Debug|Any CPU
		{AB907ED3-FFBF-48E6-B0C3-BB1151408484}.Debug|ARM.ActiveCfg = Debug|ARM
		{AB907ED3-FFBF-48E6-B0C3-BB1151408484}.Debug|ARM.Build.0 = Debug|ARM
		{AB907ED3-FFBF-48E6-B0C3-BB1151408484}.Debug|iPhone.ActiveCfg = Debug|Any CPU
		{AB907ED3-FFBF-48E6-B0C3-BB1151408484}.Debug|iPhone.Build.0 = Debug|Any CPU
		{AB907ED3-FFBF-48E6-B0C3-BB1151408484}.Debug|iPhoneSimulator.ActiveCfg = Debug|Any CPU
		{AB907ED3-FFBF-48E6-B0C3-BB1151408484}.Debug|iPhoneSimulator.Build.0 = Debug|Any CPU
		{AB907ED3-FFBF-48E6-B0C3-BB1151408484}.Debug|x64.ActiveCfg = Debug|x64
		{AB907ED3-FFBF-48E6-B0C3-BB1151408484}.Debug|x64.Build.0 = Debug|x64
		{AB907ED3-FFBF-48E6-B0C3-BB1151408484}.Debug|x86.ActiveCfg = Debug|x86
		{AB907ED3-FFBF-48E6-B0C3-BB1151408484}.Debug|x86.Build.0 = Debug|x86
		{AB907ED3-FFBF-48E6-B0C3-BB1151408484}.Release|Any CPU.ActiveCfg = Release|Any CPU
		{AB907ED3-FFBF-48E6-B0C3-BB1151408484}.Release|Any CPU.Build.0 = Release|Any CPU
		{AB907ED3-FFBF-48E6-B0C3-BB1151408484}.Release|ARM.ActiveCfg = Release|ARM
		{AB907ED3-FFBF-48E6-B0C3-BB1151408484}.Release|ARM.Build.0 = Release|ARM
		{AB907ED3-FFBF-48E6-B0C3-BB1151408484}.Release|iPhone.ActiveCfg = Release|Any CPU
		{AB907ED3-FFBF-48E6-B0C3-BB1151408484}.Release|iPhone.Build.0 = Release|Any CPU
		{AB907ED3-FFBF-48E6-B0C3-BB1151408484}.Release|iPhoneSimulator.ActiveCfg = Release|Any CPU
		{AB907ED3-FFBF-48E6-B0C3-BB1151408484}.Release|iPhoneSimulator.Build.0 = Release|Any CPU
		{AB907ED3-FFBF-48E6-B0C3-BB1151408484}.Release|x64.ActiveCfg = Release|x64
		{AB907ED3-FFBF-48E6-B0C3-BB1151408484}.Release|x64.Build.0 = Release|x64
		{AB907ED3-FFBF-48E6-B0C3-BB1151408484}.Release|x86.ActiveCfg = Release|x86
		{AB907ED3-FFBF-48E6-B0C3-BB1151408484}.Release|x86.Build.0 = Release|x86
		{02E851AE-B6D4-4607-B42F-B1C9EE52FB09}.Ad-Hoc|Any CPU.ActiveCfg = Release|Any CPU
		{02E851AE-B6D4-4607-B42F-B1C9EE52FB09}.Ad-Hoc|Any CPU.Build.0 = Release|Any CPU
		{02E851AE-B6D4-4607-B42F-B1C9EE52FB09}.Ad-Hoc|ARM.ActiveCfg = Release|ARM
		{02E851AE-B6D4-4607-B42F-B1C9EE52FB09}.Ad-Hoc|ARM.Build.0 = Release|ARM
		{02E851AE-B6D4-4607-B42F-B1C9EE52FB09}.Ad-Hoc|iPhone.ActiveCfg = Release|Any CPU
		{02E851AE-B6D4-4607-B42F-B1C9EE52FB09}.Ad-Hoc|iPhone.Build.0 = Release|Any CPU
		{02E851AE-B6D4-4607-B42F-B1C9EE52FB09}.Ad-Hoc|iPhoneSimulator.ActiveCfg = Release|Any CPU
		{02E851AE-B6D4-4607-B42F-B1C9EE52FB09}.Ad-Hoc|iPhoneSimulator.Build.0 = Release|Any CPU
		{02E851AE-B6D4-4607-B42F-B1C9EE52FB09}.Ad-Hoc|x64.ActiveCfg = Release|x64
		{02E851AE-B6D4-4607-B42F-B1C9EE52FB09}.Ad-Hoc|x64.Build.0 = Release|x64
		{02E851AE-B6D4-4607-B42F-B1C9EE52FB09}.Ad-Hoc|x86.ActiveCfg = Release|x86
		{02E851AE-B6D4-4607-B42F-B1C9EE52FB09}.Ad-Hoc|x86.Build.0 = Release|x86
		{02E851AE-B6D4-4607-B42F-B1C9EE52FB09}.AppStore|Any CPU.ActiveCfg = Release|Any CPU
		{02E851AE-B6D4-4607-B42F-B1C9EE52FB09}.AppStore|Any CPU.Build.0 = Release|Any CPU
		{02E851AE-B6D4-4607-B42F-B1C9EE52FB09}.AppStore|ARM.ActiveCfg = Release|ARM
		{02E851AE-B6D4-4607-B42F-B1C9EE52FB09}.AppStore|ARM.Build.0 = Release|ARM
		{02E851AE-B6D4-4607-B42F-B1C9EE52FB09}.AppStore|iPhone.ActiveCfg = Release|Any CPU
		{02E851AE-B6D4-4607-B42F-B1C9EE52FB09}.AppStore|iPhone.Build.0 = Release|Any CPU
		{02E851AE-B6D4-4607-B42F-B1C9EE52FB09}.AppStore|iPhoneSimulator.ActiveCfg = Release|Any CPU
		{02E851AE-B6D4-4607-B42F-B1C9EE52FB09}.AppStore|iPhoneSimulator.Build.0 = Release|Any CPU
		{02E851AE-B6D4-4607-B42F-B1C9EE52FB09}.AppStore|x64.ActiveCfg = Release|x64
		{02E851AE-B6D4-4607-B42F-B1C9EE52FB09}.AppStore|x64.Build.0 = Release|x64
		{02E851AE-B6D4-4607-B42F-B1C9EE52FB09}.AppStore|x86.ActiveCfg = Release|x86
		{02E851AE-B6D4-4607-B42F-B1C9EE52FB09}.AppStore|x86.Build.0 = Release|x86
		{02E851AE-B6D4-4607-B42F-B1C9EE52FB09}.Debug|Any CPU.ActiveCfg = Debug|Any CPU
		{02E851AE-B6D4-4607-B42F-B1C9EE52FB09}.Debug|Any CPU.Build.0 = Debug|Any CPU
		{02E851AE-B6D4-4607-B42F-B1C9EE52FB09}.Debug|ARM.ActiveCfg = Debug|ARM
		{02E851AE-B6D4-4607-B42F-B1C9EE52FB09}.Debug|ARM.Build.0 = Debug|ARM
		{02E851AE-B6D4-4607-B42F-B1C9EE52FB09}.Debug|iPhone.ActiveCfg = Debug|Any CPU
		{02E851AE-B6D4-4607-B42F-B1C9EE52FB09}.Debug|iPhone.Build.0 = Debug|Any CPU
		{02E851AE-B6D4-4607-B42F-B1C9EE52FB09}.Debug|iPhoneSimulator.ActiveCfg = Debug|Any CPU
		{02E851AE-B6D4-4607-B42F-B1C9EE52FB09}.Debug|iPhoneSimulator.Build.0 = Debug|Any CPU
		{02E851AE-B6D4-4607-B42F-B1C9EE52FB09}.Debug|x64.ActiveCfg = Debug|x64
		{02E851AE-B6D4-4607-B42F-B1C9EE52FB09}.Debug|x64.Build.0 = Debug|x64
		{02E851AE-B6D4-4607-B42F-B1C9EE52FB09}.Debug|x86.ActiveCfg = Debug|x86
		{02E851AE-B6D4-4607-B42F-B1C9EE52FB09}.Debug|x86.Build.0 = Debug|x86
		{02E851AE-B6D4-4607-B42F-B1C9EE52FB09}.Release|Any CPU.ActiveCfg = Release|Any CPU
		{02E851AE-B6D4-4607-B42F-B1C9EE52FB09}.Release|Any CPU.Build.0 = Release|Any CPU
		{02E851AE-B6D4-4607-B42F-B1C9EE52FB09}.Release|ARM.ActiveCfg = Release|ARM
		{02E851AE-B6D4-4607-B42F-B1C9EE52FB09}.Release|ARM.Build.0 = Release|ARM
		{02E851AE-B6D4-4607-B42F-B1C9EE52FB09}.Release|iPhone.ActiveCfg = Release|Any CPU
		{02E851AE-B6D4-4607-B42F-B1C9EE52FB09}.Release|iPhone.Build.0 = Release|Any CPU
		{02E851AE-B6D4-4607-B42F-B1C9EE52FB09}.Release|iPhoneSimulator.ActiveCfg = Release|Any CPU
		{02E851AE-B6D4-4607-B42F-B1C9EE52FB09}.Release|iPhoneSimulator.Build.0 = Release|Any CPU
		{02E851AE-B6D4-4607-B42F-B1C9EE52FB09}.Release|x64.ActiveCfg = Release|x64
		{02E851AE-B6D4-4607-B42F-B1C9EE52FB09}.Release|x64.Build.0 = Release|x64
		{02E851AE-B6D4-4607-B42F-B1C9EE52FB09}.Release|x86.ActiveCfg = Release|x86
		{02E851AE-B6D4-4607-B42F-B1C9EE52FB09}.Release|x86.Build.0 = Release|x86
		{3C3630B4-270F-49DC-BEA9-FBF3784D0695}.Ad-Hoc|Any CPU.ActiveCfg = Release|Any CPU
		{3C3630B4-270F-49DC-BEA9-FBF3784D0695}.Ad-Hoc|Any CPU.Build.0 = Release|Any CPU
		{3C3630B4-270F-49DC-BEA9-FBF3784D0695}.Ad-Hoc|ARM.ActiveCfg = Release|Any CPU
		{3C3630B4-270F-49DC-BEA9-FBF3784D0695}.Ad-Hoc|ARM.Build.0 = Release|Any CPU
		{3C3630B4-270F-49DC-BEA9-FBF3784D0695}.Ad-Hoc|iPhone.ActiveCfg = Release|Any CPU
		{3C3630B4-270F-49DC-BEA9-FBF3784D0695}.Ad-Hoc|iPhone.Build.0 = Release|Any CPU
		{3C3630B4-270F-49DC-BEA9-FBF3784D0695}.Ad-Hoc|iPhoneSimulator.ActiveCfg = Release|Any CPU
		{3C3630B4-270F-49DC-BEA9-FBF3784D0695}.Ad-Hoc|iPhoneSimulator.Build.0 = Release|Any CPU
		{3C3630B4-270F-49DC-BEA9-FBF3784D0695}.Ad-Hoc|x64.ActiveCfg = Release|Any CPU
		{3C3630B4-270F-49DC-BEA9-FBF3784D0695}.Ad-Hoc|x64.Build.0 = Release|Any CPU
		{3C3630B4-270F-49DC-BEA9-FBF3784D0695}.Ad-Hoc|x86.ActiveCfg = Release|Any CPU
		{3C3630B4-270F-49DC-BEA9-FBF3784D0695}.Ad-Hoc|x86.Build.0 = Release|Any CPU
		{3C3630B4-270F-49DC-BEA9-FBF3784D0695}.AppStore|Any CPU.ActiveCfg = Release|Any CPU
		{3C3630B4-270F-49DC-BEA9-FBF3784D0695}.AppStore|Any CPU.Build.0 = Release|Any CPU
		{3C3630B4-270F-49DC-BEA9-FBF3784D0695}.AppStore|ARM.ActiveCfg = Release|Any CPU
		{3C3630B4-270F-49DC-BEA9-FBF3784D0695}.AppStore|ARM.Build.0 = Release|Any CPU
		{3C3630B4-270F-49DC-BEA9-FBF3784D0695}.AppStore|iPhone.ActiveCfg = Release|Any CPU
		{3C3630B4-270F-49DC-BEA9-FBF3784D0695}.AppStore|iPhone.Build.0 = Release|Any CPU
		{3C3630B4-270F-49DC-BEA9-FBF3784D0695}.AppStore|iPhoneSimulator.ActiveCfg = Release|Any CPU
		{3C3630B4-270F-49DC-BEA9-FBF3784D0695}.AppStore|iPhoneSimulator.Build.0 = Release|Any CPU
		{3C3630B4-270F-49DC-BEA9-FBF3784D0695}.AppStore|x64.ActiveCfg = Release|Any CPU
		{3C3630B4-270F-49DC-BEA9-FBF3784D0695}.AppStore|x64.Build.0 = Release|Any CPU
		{3C3630B4-270F-49DC-BEA9-FBF3784D0695}.AppStore|x86.ActiveCfg = Release|Any CPU
		{3C3630B4-270F-49DC-BEA9-FBF3784D0695}.AppStore|x86.Build.0 = Release|Any CPU
		{3C3630B4-270F-49DC-BEA9-FBF3784D0695}.Debug|Any CPU.ActiveCfg = Debug|Any CPU
		{3C3630B4-270F-49DC-BEA9-FBF3784D0695}.Debug|Any CPU.Build.0 = Debug|Any CPU
		{3C3630B4-270F-49DC-BEA9-FBF3784D0695}.Debug|ARM.ActiveCfg = Debug|Any CPU
		{3C3630B4-270F-49DC-BEA9-FBF3784D0695}.Debug|ARM.Build.0 = Debug|Any CPU
		{3C3630B4-270F-49DC-BEA9-FBF3784D0695}.Debug|iPhone.ActiveCfg = Debug|Any CPU
		{3C3630B4-270F-49DC-BEA9-FBF3784D0695}.Debug|iPhone.Build.0 = Debug|Any CPU
		{3C3630B4-270F-49DC-BEA9-FBF3784D0695}.Debug|iPhoneSimulator.ActiveCfg = Debug|Any CPU
		{3C3630B4-270F-49DC-BEA9-FBF3784D0695}.Debug|iPhoneSimulator.Build.0 = Debug|Any CPU
		{3C3630B4-270F-49DC-BEA9-FBF3784D0695}.Debug|x64.ActiveCfg = Debug|Any CPU
		{3C3630B4-270F-49DC-BEA9-FBF3784D0695}.Debug|x64.Build.0 = Debug|Any CPU
		{3C3630B4-270F-49DC-BEA9-FBF3784D0695}.Debug|x86.ActiveCfg = Debug|Any CPU
		{3C3630B4-270F-49DC-BEA9-FBF3784D0695}.Debug|x86.Build.0 = Debug|Any CPU
		{3C3630B4-270F-49DC-BEA9-FBF3784D0695}.Release|Any CPU.ActiveCfg = Release|Any CPU
		{3C3630B4-270F-49DC-BEA9-FBF3784D0695}.Release|Any CPU.Build.0 = Release|Any CPU
		{3C3630B4-270F-49DC-BEA9-FBF3784D0695}.Release|ARM.ActiveCfg = Release|Any CPU
		{3C3630B4-270F-49DC-BEA9-FBF3784D0695}.Release|ARM.Build.0 = Release|Any CPU
		{3C3630B4-270F-49DC-BEA9-FBF3784D0695}.Release|iPhone.ActiveCfg = Release|Any CPU
		{3C3630B4-270F-49DC-BEA9-FBF3784D0695}.Release|iPhone.Build.0 = Release|Any CPU
		{3C3630B4-270F-49DC-BEA9-FBF3784D0695}.Release|iPhoneSimulator.ActiveCfg = Release|Any CPU
		{3C3630B4-270F-49DC-BEA9-FBF3784D0695}.Release|iPhoneSimulator.Build.0 = Release|Any CPU
		{3C3630B4-270F-49DC-BEA9-FBF3784D0695}.Release|x64.ActiveCfg = Release|Any CPU
		{3C3630B4-270F-49DC-BEA9-FBF3784D0695}.Release|x64.Build.0 = Release|Any CPU
		{3C3630B4-270F-49DC-BEA9-FBF3784D0695}.Release|x86.ActiveCfg = Release|Any CPU
		{3C3630B4-270F-49DC-BEA9-FBF3784D0695}.Release|x86.Build.0 = Release|Any CPU
		{3DA1DC70-C261-4ECA-95D4-505537419779}.Ad-Hoc|Any CPU.ActiveCfg = Release|Any CPU
		{3DA1DC70-C261-4ECA-95D4-505537419779}.Ad-Hoc|Any CPU.Build.0 = Release|Any CPU
		{3DA1DC70-C261-4ECA-95D4-505537419779}.Ad-Hoc|ARM.ActiveCfg = Release|Any CPU
		{3DA1DC70-C261-4ECA-95D4-505537419779}.Ad-Hoc|ARM.Build.0 = Release|Any CPU
		{3DA1DC70-C261-4ECA-95D4-505537419779}.Ad-Hoc|iPhone.ActiveCfg = Release|Any CPU
		{3DA1DC70-C261-4ECA-95D4-505537419779}.Ad-Hoc|iPhone.Build.0 = Release|Any CPU
		{3DA1DC70-C261-4ECA-95D4-505537419779}.Ad-Hoc|iPhoneSimulator.ActiveCfg = Release|Any CPU
		{3DA1DC70-C261-4ECA-95D4-505537419779}.Ad-Hoc|iPhoneSimulator.Build.0 = Release|Any CPU
		{3DA1DC70-C261-4ECA-95D4-505537419779}.Ad-Hoc|x64.ActiveCfg = Release|Any CPU
		{3DA1DC70-C261-4ECA-95D4-505537419779}.Ad-Hoc|x64.Build.0 = Release|Any CPU
		{3DA1DC70-C261-4ECA-95D4-505537419779}.Ad-Hoc|x86.ActiveCfg = Release|Any CPU
		{3DA1DC70-C261-4ECA-95D4-505537419779}.Ad-Hoc|x86.Build.0 = Release|Any CPU
		{3DA1DC70-C261-4ECA-95D4-505537419779}.AppStore|Any CPU.ActiveCfg = Release|Any CPU
		{3DA1DC70-C261-4ECA-95D4-505537419779}.AppStore|Any CPU.Build.0 = Release|Any CPU
		{3DA1DC70-C261-4ECA-95D4-505537419779}.AppStore|ARM.ActiveCfg = Release|Any CPU
		{3DA1DC70-C261-4ECA-95D4-505537419779}.AppStore|ARM.Build.0 = Release|Any CPU
		{3DA1DC70-C261-4ECA-95D4-505537419779}.AppStore|iPhone.ActiveCfg = Release|Any CPU
		{3DA1DC70-C261-4ECA-95D4-505537419779}.AppStore|iPhone.Build.0 = Release|Any CPU
		{3DA1DC70-C261-4ECA-95D4-505537419779}.AppStore|iPhoneSimulator.ActiveCfg = Release|Any CPU
		{3DA1DC70-C261-4ECA-95D4-505537419779}.AppStore|iPhoneSimulator.Build.0 = Release|Any CPU
		{3DA1DC70-C261-4ECA-95D4-505537419779}.AppStore|x64.ActiveCfg = Release|Any CPU
		{3DA1DC70-C261-4ECA-95D4-505537419779}.AppStore|x64.Build.0 = Release|Any CPU
		{3DA1DC70-C261-4ECA-95D4-505537419779}.AppStore|x86.ActiveCfg = Release|Any CPU
		{3DA1DC70-C261-4ECA-95D4-505537419779}.AppStore|x86.Build.0 = Release|Any CPU
		{3DA1DC70-C261-4ECA-95D4-505537419779}.Debug|Any CPU.ActiveCfg = Debug|Any CPU
		{3DA1DC70-C261-4ECA-95D4-505537419779}.Debug|Any CPU.Build.0 = Debug|Any CPU
		{3DA1DC70-C261-4ECA-95D4-505537419779}.Debug|ARM.ActiveCfg = Debug|Any CPU
		{3DA1DC70-C261-4ECA-95D4-505537419779}.Debug|ARM.Build.0 = Debug|Any CPU
		{3DA1DC70-C261-4ECA-95D4-505537419779}.Debug|iPhone.ActiveCfg = Debug|Any CPU
		{3DA1DC70-C261-4ECA-95D4-505537419779}.Debug|iPhone.Build.0 = Debug|Any CPU
		{3DA1DC70-C261-4ECA-95D4-505537419779}.Debug|iPhoneSimulator.ActiveCfg = Debug|Any CPU
		{3DA1DC70-C261-4ECA-95D4-505537419779}.Debug|iPhoneSimulator.Build.0 = Debug|Any CPU
		{3DA1DC70-C261-4ECA-95D4-505537419779}.Debug|x64.ActiveCfg = Debug|Any CPU
		{3DA1DC70-C261-4ECA-95D4-505537419779}.Debug|x64.Build.0 = Debug|Any CPU
		{3DA1DC70-C261-4ECA-95D4-505537419779}.Debug|x86.ActiveCfg = Debug|Any CPU
		{3DA1DC70-C261-4ECA-95D4-505537419779}.Debug|x86.Build.0 = Debug|Any CPU
		{3DA1DC70-C261-4ECA-95D4-505537419779}.Release|Any CPU.ActiveCfg = Release|Any CPU
		{3DA1DC70-C261-4ECA-95D4-505537419779}.Release|Any CPU.Build.0 = Release|Any CPU
		{3DA1DC70-C261-4ECA-95D4-505537419779}.Release|ARM.ActiveCfg = Release|Any CPU
		{3DA1DC70-C261-4ECA-95D4-505537419779}.Release|ARM.Build.0 = Release|Any CPU
		{3DA1DC70-C261-4ECA-95D4-505537419779}.Release|iPhone.ActiveCfg = Release|Any CPU
		{3DA1DC70-C261-4ECA-95D4-505537419779}.Release|iPhone.Build.0 = Release|Any CPU
		{3DA1DC70-C261-4ECA-95D4-505537419779}.Release|iPhoneSimulator.ActiveCfg = Release|Any CPU
		{3DA1DC70-C261-4ECA-95D4-505537419779}.Release|iPhoneSimulator.Build.0 = Release|Any CPU
		{3DA1DC70-C261-4ECA-95D4-505537419779}.Release|x64.ActiveCfg = Release|Any CPU
		{3DA1DC70-C261-4ECA-95D4-505537419779}.Release|x64.Build.0 = Release|Any CPU
		{3DA1DC70-C261-4ECA-95D4-505537419779}.Release|x86.ActiveCfg = Release|Any CPU
		{3DA1DC70-C261-4ECA-95D4-505537419779}.Release|x86.Build.0 = Release|Any CPU
		{7043FBEA-FAD4-48EC-A005-FE9460888DA0}.Ad-Hoc|Any CPU.ActiveCfg = Release|Any CPU
		{7043FBEA-FAD4-48EC-A005-FE9460888DA0}.Ad-Hoc|Any CPU.Build.0 = Release|Any CPU
		{7043FBEA-FAD4-48EC-A005-FE9460888DA0}.Ad-Hoc|ARM.ActiveCfg = Release|Any CPU
		{7043FBEA-FAD4-48EC-A005-FE9460888DA0}.Ad-Hoc|ARM.Build.0 = Release|Any CPU
		{7043FBEA-FAD4-48EC-A005-FE9460888DA0}.Ad-Hoc|iPhone.ActiveCfg = Release|Any CPU
		{7043FBEA-FAD4-48EC-A005-FE9460888DA0}.Ad-Hoc|iPhone.Build.0 = Release|Any CPU
		{7043FBEA-FAD4-48EC-A005-FE9460888DA0}.Ad-Hoc|iPhoneSimulator.ActiveCfg = Release|Any CPU
		{7043FBEA-FAD4-48EC-A005-FE9460888DA0}.Ad-Hoc|iPhoneSimulator.Build.0 = Release|Any CPU
		{7043FBEA-FAD4-48EC-A005-FE9460888DA0}.Ad-Hoc|x64.ActiveCfg = Release|Any CPU
		{7043FBEA-FAD4-48EC-A005-FE9460888DA0}.Ad-Hoc|x64.Build.0 = Release|Any CPU
		{7043FBEA-FAD4-48EC-A005-FE9460888DA0}.Ad-Hoc|x86.ActiveCfg = Release|Any CPU
		{7043FBEA-FAD4-48EC-A005-FE9460888DA0}.Ad-Hoc|x86.Build.0 = Release|Any CPU
		{7043FBEA-FAD4-48EC-A005-FE9460888DA0}.AppStore|Any CPU.ActiveCfg = Release|Any CPU
		{7043FBEA-FAD4-48EC-A005-FE9460888DA0}.AppStore|Any CPU.Build.0 = Release|Any CPU
		{7043FBEA-FAD4-48EC-A005-FE9460888DA0}.AppStore|ARM.ActiveCfg = Release|Any CPU
		{7043FBEA-FAD4-48EC-A005-FE9460888DA0}.AppStore|ARM.Build.0 = Release|Any CPU
		{7043FBEA-FAD4-48EC-A005-FE9460888DA0}.AppStore|iPhone.ActiveCfg = Release|Any CPU
		{7043FBEA-FAD4-48EC-A005-FE9460888DA0}.AppStore|iPhone.Build.0 = Release|Any CPU
		{7043FBEA-FAD4-48EC-A005-FE9460888DA0}.AppStore|iPhoneSimulator.ActiveCfg = Release|Any CPU
		{7043FBEA-FAD4-48EC-A005-FE9460888DA0}.AppStore|iPhoneSimulator.Build.0 = Release|Any CPU
		{7043FBEA-FAD4-48EC-A005-FE9460888DA0}.AppStore|x64.ActiveCfg = Release|Any CPU
		{7043FBEA-FAD4-48EC-A005-FE9460888DA0}.AppStore|x64.Build.0 = Release|Any CPU
		{7043FBEA-FAD4-48EC-A005-FE9460888DA0}.AppStore|x86.ActiveCfg = Release|Any CPU
		{7043FBEA-FAD4-48EC-A005-FE9460888DA0}.AppStore|x86.Build.0 = Release|Any CPU
		{7043FBEA-FAD4-48EC-A005-FE9460888DA0}.Debug|Any CPU.ActiveCfg = Debug|Any CPU
		{7043FBEA-FAD4-48EC-A005-FE9460888DA0}.Debug|Any CPU.Build.0 = Debug|Any CPU
		{7043FBEA-FAD4-48EC-A005-FE9460888DA0}.Debug|ARM.ActiveCfg = Debug|Any CPU
		{7043FBEA-FAD4-48EC-A005-FE9460888DA0}.Debug|ARM.Build.0 = Debug|Any CPU
		{7043FBEA-FAD4-48EC-A005-FE9460888DA0}.Debug|iPhone.ActiveCfg = Debug|Any CPU
		{7043FBEA-FAD4-48EC-A005-FE9460888DA0}.Debug|iPhone.Build.0 = Debug|Any CPU
		{7043FBEA-FAD4-48EC-A005-FE9460888DA0}.Debug|iPhoneSimulator.ActiveCfg = Debug|Any CPU
		{7043FBEA-FAD4-48EC-A005-FE9460888DA0}.Debug|iPhoneSimulator.Build.0 = Debug|Any CPU
		{7043FBEA-FAD4-48EC-A005-FE9460888DA0}.Debug|x64.ActiveCfg = Debug|Any CPU
		{7043FBEA-FAD4-48EC-A005-FE9460888DA0}.Debug|x64.Build.0 = Debug|Any CPU
		{7043FBEA-FAD4-48EC-A005-FE9460888DA0}.Debug|x86.ActiveCfg = Debug|Any CPU
		{7043FBEA-FAD4-48EC-A005-FE9460888DA0}.Debug|x86.Build.0 = Debug|Any CPU
		{7043FBEA-FAD4-48EC-A005-FE9460888DA0}.Release|Any CPU.ActiveCfg = Release|Any CPU
		{7043FBEA-FAD4-48EC-A005-FE9460888DA0}.Release|Any CPU.Build.0 = Release|Any CPU
		{7043FBEA-FAD4-48EC-A005-FE9460888DA0}.Release|ARM.ActiveCfg = Release|Any CPU
		{7043FBEA-FAD4-48EC-A005-FE9460888DA0}.Release|ARM.Build.0 = Release|Any CPU
		{7043FBEA-FAD4-48EC-A005-FE9460888DA0}.Release|iPhone.ActiveCfg = Release|Any CPU
		{7043FBEA-FAD4-48EC-A005-FE9460888DA0}.Release|iPhone.Build.0 = Release|Any CPU
		{7043FBEA-FAD4-48EC-A005-FE9460888DA0}.Release|iPhoneSimulator.ActiveCfg = Release|Any CPU
		{7043FBEA-FAD4-48EC-A005-FE9460888DA0}.Release|iPhoneSimulator.Build.0 = Release|Any CPU
		{7043FBEA-FAD4-48EC-A005-FE9460888DA0}.Release|x64.ActiveCfg = Release|Any CPU
		{7043FBEA-FAD4-48EC-A005-FE9460888DA0}.Release|x64.Build.0 = Release|Any CPU
		{7043FBEA-FAD4-48EC-A005-FE9460888DA0}.Release|x86.ActiveCfg = Release|Any CPU
		{7043FBEA-FAD4-48EC-A005-FE9460888DA0}.Release|x86.Build.0 = Release|Any CPU
		{5C3BADF2-D70B-48D9-9E59-93AAC23B3DCD}.Ad-Hoc|Any CPU.ActiveCfg = Release|x86
		{5C3BADF2-D70B-48D9-9E59-93AAC23B3DCD}.Ad-Hoc|Any CPU.Build.0 = Release|x86
		{5C3BADF2-D70B-48D9-9E59-93AAC23B3DCD}.Ad-Hoc|Any CPU.Deploy.0 = Release|x86
		{5C3BADF2-D70B-48D9-9E59-93AAC23B3DCD}.Ad-Hoc|ARM.ActiveCfg = Release|ARM
		{5C3BADF2-D70B-48D9-9E59-93AAC23B3DCD}.Ad-Hoc|ARM.Build.0 = Release|ARM
		{5C3BADF2-D70B-48D9-9E59-93AAC23B3DCD}.Ad-Hoc|ARM.Deploy.0 = Release|ARM
		{5C3BADF2-D70B-48D9-9E59-93AAC23B3DCD}.Ad-Hoc|iPhone.ActiveCfg = Release|x86
		{5C3BADF2-D70B-48D9-9E59-93AAC23B3DCD}.Ad-Hoc|iPhone.Build.0 = Release|x86
		{5C3BADF2-D70B-48D9-9E59-93AAC23B3DCD}.Ad-Hoc|iPhone.Deploy.0 = Release|x86
		{5C3BADF2-D70B-48D9-9E59-93AAC23B3DCD}.Ad-Hoc|iPhoneSimulator.ActiveCfg = Release|x86
		{5C3BADF2-D70B-48D9-9E59-93AAC23B3DCD}.Ad-Hoc|iPhoneSimulator.Build.0 = Release|x86
		{5C3BADF2-D70B-48D9-9E59-93AAC23B3DCD}.Ad-Hoc|iPhoneSimulator.Deploy.0 = Release|x86
		{5C3BADF2-D70B-48D9-9E59-93AAC23B3DCD}.Ad-Hoc|x64.ActiveCfg = Release|x64
		{5C3BADF2-D70B-48D9-9E59-93AAC23B3DCD}.Ad-Hoc|x64.Build.0 = Release|x64
		{5C3BADF2-D70B-48D9-9E59-93AAC23B3DCD}.Ad-Hoc|x64.Deploy.0 = Release|x64
		{5C3BADF2-D70B-48D9-9E59-93AAC23B3DCD}.Ad-Hoc|x86.ActiveCfg = Release|x86
		{5C3BADF2-D70B-48D9-9E59-93AAC23B3DCD}.Ad-Hoc|x86.Build.0 = Release|x86
		{5C3BADF2-D70B-48D9-9E59-93AAC23B3DCD}.Ad-Hoc|x86.Deploy.0 = Release|x86
		{5C3BADF2-D70B-48D9-9E59-93AAC23B3DCD}.AppStore|Any CPU.ActiveCfg = Release|x86
		{5C3BADF2-D70B-48D9-9E59-93AAC23B3DCD}.AppStore|Any CPU.Build.0 = Release|x86
		{5C3BADF2-D70B-48D9-9E59-93AAC23B3DCD}.AppStore|Any CPU.Deploy.0 = Release|x86
		{5C3BADF2-D70B-48D9-9E59-93AAC23B3DCD}.AppStore|ARM.ActiveCfg = Release|ARM
		{5C3BADF2-D70B-48D9-9E59-93AAC23B3DCD}.AppStore|ARM.Build.0 = Release|ARM
		{5C3BADF2-D70B-48D9-9E59-93AAC23B3DCD}.AppStore|ARM.Deploy.0 = Release|ARM
		{5C3BADF2-D70B-48D9-9E59-93AAC23B3DCD}.AppStore|iPhone.ActiveCfg = Release|x86
		{5C3BADF2-D70B-48D9-9E59-93AAC23B3DCD}.AppStore|iPhone.Build.0 = Release|x86
		{5C3BADF2-D70B-48D9-9E59-93AAC23B3DCD}.AppStore|iPhone.Deploy.0 = Release|x86
		{5C3BADF2-D70B-48D9-9E59-93AAC23B3DCD}.AppStore|iPhoneSimulator.ActiveCfg = Release|x86
		{5C3BADF2-D70B-48D9-9E59-93AAC23B3DCD}.AppStore|iPhoneSimulator.Build.0 = Release|x86
		{5C3BADF2-D70B-48D9-9E59-93AAC23B3DCD}.AppStore|iPhoneSimulator.Deploy.0 = Release|x86
		{5C3BADF2-D70B-48D9-9E59-93AAC23B3DCD}.AppStore|x64.ActiveCfg = Release|x64
		{5C3BADF2-D70B-48D9-9E59-93AAC23B3DCD}.AppStore|x64.Build.0 = Release|x64
		{5C3BADF2-D70B-48D9-9E59-93AAC23B3DCD}.AppStore|x64.Deploy.0 = Release|x64
		{5C3BADF2-D70B-48D9-9E59-93AAC23B3DCD}.AppStore|x86.ActiveCfg = Release|x86
		{5C3BADF2-D70B-48D9-9E59-93AAC23B3DCD}.AppStore|x86.Build.0 = Release|x86
		{5C3BADF2-D70B-48D9-9E59-93AAC23B3DCD}.AppStore|x86.Deploy.0 = Release|x86
		{5C3BADF2-D70B-48D9-9E59-93AAC23B3DCD}.Debug|Any CPU.ActiveCfg = Debug|x86
		{5C3BADF2-D70B-48D9-9E59-93AAC23B3DCD}.Debug|ARM.ActiveCfg = Debug|ARM
		{5C3BADF2-D70B-48D9-9E59-93AAC23B3DCD}.Debug|ARM.Build.0 = Debug|ARM
		{5C3BADF2-D70B-48D9-9E59-93AAC23B3DCD}.Debug|ARM.Deploy.0 = Debug|ARM
		{5C3BADF2-D70B-48D9-9E59-93AAC23B3DCD}.Debug|iPhone.ActiveCfg = Debug|x86
		{5C3BADF2-D70B-48D9-9E59-93AAC23B3DCD}.Debug|iPhoneSimulator.ActiveCfg = Debug|x86
		{5C3BADF2-D70B-48D9-9E59-93AAC23B3DCD}.Debug|x64.ActiveCfg = Debug|x64
		{5C3BADF2-D70B-48D9-9E59-93AAC23B3DCD}.Debug|x64.Build.0 = Debug|x64
		{5C3BADF2-D70B-48D9-9E59-93AAC23B3DCD}.Debug|x64.Deploy.0 = Debug|x64
		{5C3BADF2-D70B-48D9-9E59-93AAC23B3DCD}.Debug|x86.ActiveCfg = Debug|x86
		{5C3BADF2-D70B-48D9-9E59-93AAC23B3DCD}.Debug|x86.Build.0 = Debug|x86
		{5C3BADF2-D70B-48D9-9E59-93AAC23B3DCD}.Debug|x86.Deploy.0 = Debug|x86
		{5C3BADF2-D70B-48D9-9E59-93AAC23B3DCD}.Release|Any CPU.ActiveCfg = Release|x86
		{5C3BADF2-D70B-48D9-9E59-93AAC23B3DCD}.Release|ARM.ActiveCfg = Release|ARM
		{5C3BADF2-D70B-48D9-9E59-93AAC23B3DCD}.Release|ARM.Build.0 = Release|ARM
		{5C3BADF2-D70B-48D9-9E59-93AAC23B3DCD}.Release|ARM.Deploy.0 = Release|ARM
		{5C3BADF2-D70B-48D9-9E59-93AAC23B3DCD}.Release|iPhone.ActiveCfg = Release|x86
		{5C3BADF2-D70B-48D9-9E59-93AAC23B3DCD}.Release|iPhoneSimulator.ActiveCfg = Release|x86
		{5C3BADF2-D70B-48D9-9E59-93AAC23B3DCD}.Release|x64.ActiveCfg = Release|x64
		{5C3BADF2-D70B-48D9-9E59-93AAC23B3DCD}.Release|x64.Build.0 = Release|x64
		{5C3BADF2-D70B-48D9-9E59-93AAC23B3DCD}.Release|x64.Deploy.0 = Release|x64
		{5C3BADF2-D70B-48D9-9E59-93AAC23B3DCD}.Release|x86.ActiveCfg = Release|x86
		{5C3BADF2-D70B-48D9-9E59-93AAC23B3DCD}.Release|x86.Build.0 = Release|x86
		{5C3BADF2-D70B-48D9-9E59-93AAC23B3DCD}.Release|x86.Deploy.0 = Release|x86
		{646AF942-CD8E-4971-B9B3-7C18B4E0DE65}.Ad-Hoc|Any CPU.ActiveCfg = Release|Any CPU
		{646AF942-CD8E-4971-B9B3-7C18B4E0DE65}.Ad-Hoc|Any CPU.Build.0 = Release|Any CPU
		{646AF942-CD8E-4971-B9B3-7C18B4E0DE65}.Ad-Hoc|ARM.ActiveCfg = Release|ARM
		{646AF942-CD8E-4971-B9B3-7C18B4E0DE65}.Ad-Hoc|ARM.Build.0 = Release|ARM
		{646AF942-CD8E-4971-B9B3-7C18B4E0DE65}.Ad-Hoc|iPhone.ActiveCfg = Release|Any CPU
		{646AF942-CD8E-4971-B9B3-7C18B4E0DE65}.Ad-Hoc|iPhone.Build.0 = Release|Any CPU
		{646AF942-CD8E-4971-B9B3-7C18B4E0DE65}.Ad-Hoc|iPhoneSimulator.ActiveCfg = Release|Any CPU
		{646AF942-CD8E-4971-B9B3-7C18B4E0DE65}.Ad-Hoc|iPhoneSimulator.Build.0 = Release|Any CPU
		{646AF942-CD8E-4971-B9B3-7C18B4E0DE65}.Ad-Hoc|x64.ActiveCfg = Release|x64
		{646AF942-CD8E-4971-B9B3-7C18B4E0DE65}.Ad-Hoc|x64.Build.0 = Release|x64
		{646AF942-CD8E-4971-B9B3-7C18B4E0DE65}.Ad-Hoc|x86.ActiveCfg = Release|x86
		{646AF942-CD8E-4971-B9B3-7C18B4E0DE65}.Ad-Hoc|x86.Build.0 = Release|x86
		{646AF942-CD8E-4971-B9B3-7C18B4E0DE65}.AppStore|Any CPU.ActiveCfg = Release|Any CPU
		{646AF942-CD8E-4971-B9B3-7C18B4E0DE65}.AppStore|Any CPU.Build.0 = Release|Any CPU
		{646AF942-CD8E-4971-B9B3-7C18B4E0DE65}.AppStore|ARM.ActiveCfg = Release|ARM
		{646AF942-CD8E-4971-B9B3-7C18B4E0DE65}.AppStore|ARM.Build.0 = Release|ARM
		{646AF942-CD8E-4971-B9B3-7C18B4E0DE65}.AppStore|iPhone.ActiveCfg = Release|Any CPU
		{646AF942-CD8E-4971-B9B3-7C18B4E0DE65}.AppStore|iPhone.Build.0 = Release|Any CPU
		{646AF942-CD8E-4971-B9B3-7C18B4E0DE65}.AppStore|iPhoneSimulator.ActiveCfg = Release|Any CPU
		{646AF942-CD8E-4971-B9B3-7C18B4E0DE65}.AppStore|iPhoneSimulator.Build.0 = Release|Any CPU
		{646AF942-CD8E-4971-B9B3-7C18B4E0DE65}.AppStore|x64.ActiveCfg = Release|x64
		{646AF942-CD8E-4971-B9B3-7C18B4E0DE65}.AppStore|x64.Build.0 = Release|x64
		{646AF942-CD8E-4971-B9B3-7C18B4E0DE65}.AppStore|x86.ActiveCfg = Release|x86
		{646AF942-CD8E-4971-B9B3-7C18B4E0DE65}.AppStore|x86.Build.0 = Release|x86
		{646AF942-CD8E-4971-B9B3-7C18B4E0DE65}.Debug|Any CPU.ActiveCfg = Debug|Any CPU
		{646AF942-CD8E-4971-B9B3-7C18B4E0DE65}.Debug|Any CPU.Build.0 = Debug|Any CPU
		{646AF942-CD8E-4971-B9B3-7C18B4E0DE65}.Debug|ARM.ActiveCfg = Debug|ARM
		{646AF942-CD8E-4971-B9B3-7C18B4E0DE65}.Debug|ARM.Build.0 = Debug|ARM
		{646AF942-CD8E-4971-B9B3-7C18B4E0DE65}.Debug|iPhone.ActiveCfg = Debug|Any CPU
		{646AF942-CD8E-4971-B9B3-7C18B4E0DE65}.Debug|iPhone.Build.0 = Debug|Any CPU
		{646AF942-CD8E-4971-B9B3-7C18B4E0DE65}.Debug|iPhoneSimulator.ActiveCfg = Debug|Any CPU
		{646AF942-CD8E-4971-B9B3-7C18B4E0DE65}.Debug|iPhoneSimulator.Build.0 = Debug|Any CPU
		{646AF942-CD8E-4971-B9B3-7C18B4E0DE65}.Debug|x64.ActiveCfg = Debug|x64
		{646AF942-CD8E-4971-B9B3-7C18B4E0DE65}.Debug|x64.Build.0 = Debug|x64
		{646AF942-CD8E-4971-B9B3-7C18B4E0DE65}.Debug|x86.ActiveCfg = Debug|x86
		{646AF942-CD8E-4971-B9B3-7C18B4E0DE65}.Debug|x86.Build.0 = Debug|x86
		{646AF942-CD8E-4971-B9B3-7C18B4E0DE65}.Release|Any CPU.ActiveCfg = Release|Any CPU
		{646AF942-CD8E-4971-B9B3-7C18B4E0DE65}.Release|Any CPU.Build.0 = Release|Any CPU
		{646AF942-CD8E-4971-B9B3-7C18B4E0DE65}.Release|ARM.ActiveCfg = Release|ARM
		{646AF942-CD8E-4971-B9B3-7C18B4E0DE65}.Release|ARM.Build.0 = Release|ARM
		{646AF942-CD8E-4971-B9B3-7C18B4E0DE65}.Release|iPhone.ActiveCfg = Release|Any CPU
		{646AF942-CD8E-4971-B9B3-7C18B4E0DE65}.Release|iPhone.Build.0 = Release|Any CPU
		{646AF942-CD8E-4971-B9B3-7C18B4E0DE65}.Release|iPhoneSimulator.ActiveCfg = Release|Any CPU
		{646AF942-CD8E-4971-B9B3-7C18B4E0DE65}.Release|iPhoneSimulator.Build.0 = Release|Any CPU
		{646AF942-CD8E-4971-B9B3-7C18B4E0DE65}.Release|x64.ActiveCfg = Release|x64
		{646AF942-CD8E-4971-B9B3-7C18B4E0DE65}.Release|x64.Build.0 = Release|x64
		{646AF942-CD8E-4971-B9B3-7C18B4E0DE65}.Release|x86.ActiveCfg = Release|x86
		{646AF942-CD8E-4971-B9B3-7C18B4E0DE65}.Release|x86.Build.0 = Release|x86
		{2500D7A6-C39A-4C79-A668-315B57BEA94F}.Ad-Hoc|Any CPU.ActiveCfg = Release|Any CPU
		{2500D7A6-C39A-4C79-A668-315B57BEA94F}.Ad-Hoc|Any CPU.Build.0 = Release|Any CPU
		{2500D7A6-C39A-4C79-A668-315B57BEA94F}.Ad-Hoc|ARM.ActiveCfg = Release|ARM
		{2500D7A6-C39A-4C79-A668-315B57BEA94F}.Ad-Hoc|ARM.Build.0 = Release|ARM
		{2500D7A6-C39A-4C79-A668-315B57BEA94F}.Ad-Hoc|iPhone.ActiveCfg = Release|Any CPU
		{2500D7A6-C39A-4C79-A668-315B57BEA94F}.Ad-Hoc|iPhone.Build.0 = Release|Any CPU
		{2500D7A6-C39A-4C79-A668-315B57BEA94F}.Ad-Hoc|iPhoneSimulator.ActiveCfg = Release|Any CPU
		{2500D7A6-C39A-4C79-A668-315B57BEA94F}.Ad-Hoc|iPhoneSimulator.Build.0 = Release|Any CPU
		{2500D7A6-C39A-4C79-A668-315B57BEA94F}.Ad-Hoc|x64.ActiveCfg = Release|x64
		{2500D7A6-C39A-4C79-A668-315B57BEA94F}.Ad-Hoc|x64.Build.0 = Release|x64
		{2500D7A6-C39A-4C79-A668-315B57BEA94F}.Ad-Hoc|x86.ActiveCfg = Release|x86
		{2500D7A6-C39A-4C79-A668-315B57BEA94F}.Ad-Hoc|x86.Build.0 = Release|x86
		{2500D7A6-C39A-4C79-A668-315B57BEA94F}.AppStore|Any CPU.ActiveCfg = Release|Any CPU
		{2500D7A6-C39A-4C79-A668-315B57BEA94F}.AppStore|Any CPU.Build.0 = Release|Any CPU
		{2500D7A6-C39A-4C79-A668-315B57BEA94F}.AppStore|ARM.ActiveCfg = Release|ARM
		{2500D7A6-C39A-4C79-A668-315B57BEA94F}.AppStore|ARM.Build.0 = Release|ARM
		{2500D7A6-C39A-4C79-A668-315B57BEA94F}.AppStore|iPhone.ActiveCfg = Release|Any CPU
		{2500D7A6-C39A-4C79-A668-315B57BEA94F}.AppStore|iPhone.Build.0 = Release|Any CPU
		{2500D7A6-C39A-4C79-A668-315B57BEA94F}.AppStore|iPhoneSimulator.ActiveCfg = Release|Any CPU
		{2500D7A6-C39A-4C79-A668-315B57BEA94F}.AppStore|iPhoneSimulator.Build.0 = Release|Any CPU
		{2500D7A6-C39A-4C79-A668-315B57BEA94F}.AppStore|x64.ActiveCfg = Release|x64
		{2500D7A6-C39A-4C79-A668-315B57BEA94F}.AppStore|x64.Build.0 = Release|x64
		{2500D7A6-C39A-4C79-A668-315B57BEA94F}.AppStore|x86.ActiveCfg = Release|x86
		{2500D7A6-C39A-4C79-A668-315B57BEA94F}.AppStore|x86.Build.0 = Release|x86
		{2500D7A6-C39A-4C79-A668-315B57BEA94F}.Debug|Any CPU.ActiveCfg = Debug|Any CPU
		{2500D7A6-C39A-4C79-A668-315B57BEA94F}.Debug|Any CPU.Build.0 = Debug|Any CPU
		{2500D7A6-C39A-4C79-A668-315B57BEA94F}.Debug|ARM.ActiveCfg = Debug|ARM
		{2500D7A6-C39A-4C79-A668-315B57BEA94F}.Debug|ARM.Build.0 = Debug|ARM
		{2500D7A6-C39A-4C79-A668-315B57BEA94F}.Debug|iPhone.ActiveCfg = Debug|Any CPU
		{2500D7A6-C39A-4C79-A668-315B57BEA94F}.Debug|iPhone.Build.0 = Debug|Any CPU
		{2500D7A6-C39A-4C79-A668-315B57BEA94F}.Debug|iPhoneSimulator.ActiveCfg = Debug|Any CPU
		{2500D7A6-C39A-4C79-A668-315B57BEA94F}.Debug|iPhoneSimulator.Build.0 = Debug|Any CPU
		{2500D7A6-C39A-4C79-A668-315B57BEA94F}.Debug|x64.ActiveCfg = Debug|x64
		{2500D7A6-C39A-4C79-A668-315B57BEA94F}.Debug|x64.Build.0 = Debug|x64
		{2500D7A6-C39A-4C79-A668-315B57BEA94F}.Debug|x86.ActiveCfg = Debug|x86
		{2500D7A6-C39A-4C79-A668-315B57BEA94F}.Debug|x86.Build.0 = Debug|x86
		{2500D7A6-C39A-4C79-A668-315B57BEA94F}.Release|Any CPU.ActiveCfg = Release|Any CPU
		{2500D7A6-C39A-4C79-A668-315B57BEA94F}.Release|Any CPU.Build.0 = Release|Any CPU
		{2500D7A6-C39A-4C79-A668-315B57BEA94F}.Release|ARM.ActiveCfg = Release|ARM
		{2500D7A6-C39A-4C79-A668-315B57BEA94F}.Release|ARM.Build.0 = Release|ARM
		{2500D7A6-C39A-4C79-A668-315B57BEA94F}.Release|iPhone.ActiveCfg = Release|Any CPU
		{2500D7A6-C39A-4C79-A668-315B57BEA94F}.Release|iPhone.Build.0 = Release|Any CPU
		{2500D7A6-C39A-4C79-A668-315B57BEA94F}.Release|iPhoneSimulator.ActiveCfg = Release|Any CPU
		{2500D7A6-C39A-4C79-A668-315B57BEA94F}.Release|iPhoneSimulator.Build.0 = Release|Any CPU
		{2500D7A6-C39A-4C79-A668-315B57BEA94F}.Release|x64.ActiveCfg = Release|x64
		{2500D7A6-C39A-4C79-A668-315B57BEA94F}.Release|x64.Build.0 = Release|x64
		{2500D7A6-C39A-4C79-A668-315B57BEA94F}.Release|x86.ActiveCfg = Release|x86
		{2500D7A6-C39A-4C79-A668-315B57BEA94F}.Release|x86.Build.0 = Release|x86
		{CD56E39B-2C1E-4A5F-9551-315D33F8B18E}.Ad-Hoc|Any CPU.ActiveCfg = Debug|Any CPU
		{CD56E39B-2C1E-4A5F-9551-315D33F8B18E}.Ad-Hoc|Any CPU.Build.0 = Debug|Any CPU
		{CD56E39B-2C1E-4A5F-9551-315D33F8B18E}.Ad-Hoc|ARM.ActiveCfg = Debug|Any CPU
		{CD56E39B-2C1E-4A5F-9551-315D33F8B18E}.Ad-Hoc|ARM.Build.0 = Debug|Any CPU
		{CD56E39B-2C1E-4A5F-9551-315D33F8B18E}.Ad-Hoc|iPhone.ActiveCfg = Debug|Any CPU
		{CD56E39B-2C1E-4A5F-9551-315D33F8B18E}.Ad-Hoc|iPhone.Build.0 = Debug|Any CPU
		{CD56E39B-2C1E-4A5F-9551-315D33F8B18E}.Ad-Hoc|iPhoneSimulator.ActiveCfg = Debug|Any CPU
		{CD56E39B-2C1E-4A5F-9551-315D33F8B18E}.Ad-Hoc|iPhoneSimulator.Build.0 = Debug|Any CPU
		{CD56E39B-2C1E-4A5F-9551-315D33F8B18E}.Ad-Hoc|x64.ActiveCfg = Debug|Any CPU
		{CD56E39B-2C1E-4A5F-9551-315D33F8B18E}.Ad-Hoc|x64.Build.0 = Debug|Any CPU
		{CD56E39B-2C1E-4A5F-9551-315D33F8B18E}.Ad-Hoc|x86.ActiveCfg = Debug|Any CPU
		{CD56E39B-2C1E-4A5F-9551-315D33F8B18E}.Ad-Hoc|x86.Build.0 = Debug|Any CPU
		{CD56E39B-2C1E-4A5F-9551-315D33F8B18E}.AppStore|Any CPU.ActiveCfg = Debug|Any CPU
		{CD56E39B-2C1E-4A5F-9551-315D33F8B18E}.AppStore|Any CPU.Build.0 = Debug|Any CPU
		{CD56E39B-2C1E-4A5F-9551-315D33F8B18E}.AppStore|ARM.ActiveCfg = Debug|Any CPU
		{CD56E39B-2C1E-4A5F-9551-315D33F8B18E}.AppStore|ARM.Build.0 = Debug|Any CPU
		{CD56E39B-2C1E-4A5F-9551-315D33F8B18E}.AppStore|iPhone.ActiveCfg = Debug|Any CPU
		{CD56E39B-2C1E-4A5F-9551-315D33F8B18E}.AppStore|iPhone.Build.0 = Debug|Any CPU
		{CD56E39B-2C1E-4A5F-9551-315D33F8B18E}.AppStore|iPhoneSimulator.ActiveCfg = Debug|Any CPU
		{CD56E39B-2C1E-4A5F-9551-315D33F8B18E}.AppStore|iPhoneSimulator.Build.0 = Debug|Any CPU
		{CD56E39B-2C1E-4A5F-9551-315D33F8B18E}.AppStore|x64.ActiveCfg = Debug|Any CPU
		{CD56E39B-2C1E-4A5F-9551-315D33F8B18E}.AppStore|x64.Build.0 = Debug|Any CPU
		{CD56E39B-2C1E-4A5F-9551-315D33F8B18E}.AppStore|x86.ActiveCfg = Debug|Any CPU
		{CD56E39B-2C1E-4A5F-9551-315D33F8B18E}.AppStore|x86.Build.0 = Debug|Any CPU
		{CD56E39B-2C1E-4A5F-9551-315D33F8B18E}.Debug|Any CPU.ActiveCfg = Debug|Any CPU
		{CD56E39B-2C1E-4A5F-9551-315D33F8B18E}.Debug|Any CPU.Build.0 = Debug|Any CPU
		{CD56E39B-2C1E-4A5F-9551-315D33F8B18E}.Debug|ARM.ActiveCfg = Debug|Any CPU
		{CD56E39B-2C1E-4A5F-9551-315D33F8B18E}.Debug|ARM.Build.0 = Debug|Any CPU
		{CD56E39B-2C1E-4A5F-9551-315D33F8B18E}.Debug|iPhone.ActiveCfg = Debug|Any CPU
		{CD56E39B-2C1E-4A5F-9551-315D33F8B18E}.Debug|iPhone.Build.0 = Debug|Any CPU
		{CD56E39B-2C1E-4A5F-9551-315D33F8B18E}.Debug|iPhoneSimulator.ActiveCfg = Debug|Any CPU
		{CD56E39B-2C1E-4A5F-9551-315D33F8B18E}.Debug|iPhoneSimulator.Build.0 = Debug|Any CPU
		{CD56E39B-2C1E-4A5F-9551-315D33F8B18E}.Debug|x64.ActiveCfg = Debug|Any CPU
		{CD56E39B-2C1E-4A5F-9551-315D33F8B18E}.Debug|x64.Build.0 = Debug|Any CPU
		{CD56E39B-2C1E-4A5F-9551-315D33F8B18E}.Debug|x86.ActiveCfg = Debug|Any CPU
		{CD56E39B-2C1E-4A5F-9551-315D33F8B18E}.Debug|x86.Build.0 = Debug|Any CPU
		{CD56E39B-2C1E-4A5F-9551-315D33F8B18E}.Release|Any CPU.ActiveCfg = Release|Any CPU
		{CD56E39B-2C1E-4A5F-9551-315D33F8B18E}.Release|Any CPU.Build.0 = Release|Any CPU
		{CD56E39B-2C1E-4A5F-9551-315D33F8B18E}.Release|ARM.ActiveCfg = Release|Any CPU
		{CD56E39B-2C1E-4A5F-9551-315D33F8B18E}.Release|ARM.Build.0 = Release|Any CPU
		{CD56E39B-2C1E-4A5F-9551-315D33F8B18E}.Release|iPhone.ActiveCfg = Release|Any CPU
		{CD56E39B-2C1E-4A5F-9551-315D33F8B18E}.Release|iPhone.Build.0 = Release|Any CPU
		{CD56E39B-2C1E-4A5F-9551-315D33F8B18E}.Release|iPhoneSimulator.ActiveCfg = Release|Any CPU
		{CD56E39B-2C1E-4A5F-9551-315D33F8B18E}.Release|iPhoneSimulator.Build.0 = Release|Any CPU
		{CD56E39B-2C1E-4A5F-9551-315D33F8B18E}.Release|x64.ActiveCfg = Release|Any CPU
		{CD56E39B-2C1E-4A5F-9551-315D33F8B18E}.Release|x64.Build.0 = Release|Any CPU
		{CD56E39B-2C1E-4A5F-9551-315D33F8B18E}.Release|x86.ActiveCfg = Release|Any CPU
		{CD56E39B-2C1E-4A5F-9551-315D33F8B18E}.Release|x86.Build.0 = Release|Any CPU
	EndGlobalSection
	GlobalSection(SolutionProperties) = preSolution
		HideSolutionNode = FALSE
	EndGlobalSection
	GlobalSection(NestedProjects) = preSolution
		{AECD7122-3942-4F3B-94A0-03FCADE098B3} = {2F5CE0F5-B2F5-4637-B4A3-34E23AD15FBC}
		{FC96DE58-0B41-4996-8030-84BF5684B4A0} = {2F5CE0F5-B2F5-4637-B4A3-34E23AD15FBC}
		{AB907ED3-FFBF-48E6-B0C3-BB1151408484} = {2F5CE0F5-B2F5-4637-B4A3-34E23AD15FBC}
		{02E851AE-B6D4-4607-B42F-B1C9EE52FB09} = {2F5CE0F5-B2F5-4637-B4A3-34E23AD15FBC}
		{3C3630B4-270F-49DC-BEA9-FBF3784D0695} = {5FCCCC2E-A9EA-438E-8BB3-E8AD7179623B}
		{3DA1DC70-C261-4ECA-95D4-505537419779} = {5FCCCC2E-A9EA-438E-8BB3-E8AD7179623B}
		{7043FBEA-FAD4-48EC-A005-FE9460888DA0} = {5FCCCC2E-A9EA-438E-8BB3-E8AD7179623B}
		{5C3BADF2-D70B-48D9-9E59-93AAC23B3DCD} = {2F5CE0F5-B2F5-4637-B4A3-34E23AD15FBC}
		{646AF942-CD8E-4971-B9B3-7C18B4E0DE65} = {2F5CE0F5-B2F5-4637-B4A3-34E23AD15FBC}
		{2500D7A6-C39A-4C79-A668-315B57BEA94F} = {2F5CE0F5-B2F5-4637-B4A3-34E23AD15FBC}
	EndGlobalSection
	GlobalSection(ExtensibilityGlobals) = postSolution
		SolutionGuid = {F20A8EEC-07C6-4690-911F-271F0BFC7FCB}
	EndGlobalSection
EndGlobal
