
Microsoft Visual Studio Solution File, Format Version 12.00
# Visual Studio 15
VisualStudioVersion = 15.0.27004.2010
MinimumVisualStudioVersion = 10.0.40219.1
Project("{D954291E-2A0B-460D-934E-DC6B0785DB48}") = "SmartHouse.Xamarin", "SmartHouse.Xamarin\SmartHouse.Xamarin\SmartHouse.Xamarin.shproj", "{BAFB8F98-B17B-46BB-AABA-CB3F9CC7FD4E}"
EndProject
Project("{FAE04EC0-301F-11D3-BF4B-00C04F79EFBC}") = "SmartHouse.Xamarin.Android", "SmartHouse.Xamarin\SmartHouse.Xamarin.Android\SmartHouse.Xamarin.Android.csproj", "{05E9A96A-98AF-4647-BC9C-DC755AE01D0D}"
EndProject
Project("{FAE04EC0-301F-11D3-BF4B-00C04F79EFBC}") = "SmartHouse.Xamarin.iOS", "SmartHouse.Xamarin\SmartHouse.Xamarin.iOS\SmartHouse.Xamarin.iOS.csproj", "{D04ABEAF-6689-466C-88DF-0D47D4D6FFFA}"
EndProject
Project("{FAE04EC0-301F-11D3-BF4B-00C04F79EFBC}") = "SmartHouse.Xamarin.UWP", "SmartHouse.Xamarin\SmartHouse.Xamarin.UWP\SmartHouse.Xamarin.UWP.csproj", "{814757B1-D596-4084-AE69-FF7FD81017A6}"
EndProject
Global
	GlobalSection(SharedMSBuildProjectFiles) = preSolution
		SmartHouse.Xamarin\SmartHouse.Xamarin\SmartHouse.Xamarin.projitems*{05e9a96a-98af-4647-bc9c-dc755ae01d0d}*SharedItemsImports = 4
		SmartHouse.Xamarin\SmartHouse.Xamarin\SmartHouse.Xamarin.projitems*{814757b1-d596-4084-ae69-ff7fd81017a6}*SharedItemsImports = 4
		SmartHouse.Xamarin\SmartHouse.Xamarin\SmartHouse.Xamarin.projitems*{bafb8f98-b17b-46bb-aaba-cb3f9cc7fd4e}*SharedItemsImports = 13
		SmartHouse.Xamarin\SmartHouse.Xamarin\SmartHouse.Xamarin.projitems*{d04abeaf-6689-466c-88df-0d47d4d6fffa}*SharedItemsImports = 4
	EndGlobalSection
	GlobalSection(SolutionConfigurationPlatforms) = preSolution
		Ad-Hoc|Any CPU = Ad-Hoc|Any CPU
		Ad-Hoc|ARM = Ad-Hoc|ARM
		Ad-Hoc|iPhone = Ad-Hoc|iPhone
		Ad-Hoc|iPhoneSimulator = Ad-Hoc|iPhoneSimulator
		Ad-Hoc|x64 = Ad-Hoc|x64
		Ad-Hoc|x86 = Ad-Hoc|x86
		AppStore|Any CPU = AppStore|Any CPU
		AppStore|ARM = AppStore|ARM
		AppStore|iPhone = AppStore|iPhone
		AppStore|iPhoneSimulator = AppStore|iPhoneSimulator
		AppStore|x64 = AppStore|x64
		AppStore|x86 = AppStore|x86
		Debug|Any CPU = Debug|Any CPU
		Debug|ARM = Debug|ARM
		Debug|iPhone = Debug|iPhone
		Debug|iPhoneSimulator = Debug|iPhoneSimulator
		Debug|x64 = Debug|x64
		Debug|x86 = Debug|x86
		Release|Any CPU = Release|Any CPU
		Release|ARM = Release|ARM
		Release|iPhone = Release|iPhone
		Release|iPhoneSimulator = Release|iPhoneSimulator
		Release|x64 = Release|x64
		Release|x86 = Release|x86
	EndGlobalSection
	GlobalSection(ProjectConfigurationPlatforms) = postSolution
		{05E9A96A-98AF-4647-BC9C-DC755AE01D0D}.Ad-Hoc|Any CPU.ActiveCfg = Release|Any CPU
		{05E9A96A-98AF-4647-BC9C-DC755AE01D0D}.Ad-Hoc|Any CPU.Build.0 = Release|Any CPU
		{05E9A96A-98AF-4647-BC9C-DC755AE01D0D}.Ad-Hoc|Any CPU.Deploy.0 = Release|Any CPU
		{05E9A96A-98AF-4647-BC9C-DC755AE01D0D}.Ad-Hoc|ARM.ActiveCfg = Release|Any CPU
		{05E9A96A-98AF-4647-BC9C-DC755AE01D0D}.Ad-Hoc|ARM.Build.0 = Release|Any CPU
		{05E9A96A-98AF-4647-BC9C-DC755AE01D0D}.Ad-Hoc|ARM.Deploy.0 = Release|Any CPU
		{05E9A96A-98AF-4647-BC9C-DC755AE01D0D}.Ad-Hoc|iPhone.ActiveCfg = Release|Any CPU
		{05E9A96A-98AF-4647-BC9C-DC755AE01D0D}.Ad-Hoc|iPhone.Build.0 = Release|Any CPU
		{05E9A96A-98AF-4647-BC9C-DC755AE01D0D}.Ad-Hoc|iPhone.Deploy.0 = Release|Any CPU
		{05E9A96A-98AF-4647-BC9C-DC755AE01D0D}.Ad-Hoc|iPhoneSimulator.ActiveCfg = Release|Any CPU
		{05E9A96A-98AF-4647-BC9C-DC755AE01D0D}.Ad-Hoc|iPhoneSimulator.Build.0 = Release|Any CPU
		{05E9A96A-98AF-4647-BC9C-DC755AE01D0D}.Ad-Hoc|iPhoneSimulator.Deploy.0 = Release|Any CPU
		{05E9A96A-98AF-4647-BC9C-DC755AE01D0D}.Ad-Hoc|x64.ActiveCfg = Release|Any CPU
		{05E9A96A-98AF-4647-BC9C-DC755AE01D0D}.Ad-Hoc|x64.Build.0 = Release|Any CPU
		{05E9A96A-98AF-4647-BC9C-DC755AE01D0D}.Ad-Hoc|x64.Deploy.0 = Release|Any CPU
		{05E9A96A-98AF-4647-BC9C-DC755AE01D0D}.Ad-Hoc|x86.ActiveCfg = Release|Any CPU
		{05E9A96A-98AF-4647-BC9C-DC755AE01D0D}.Ad-Hoc|x86.Build.0 = Release|Any CPU
		{05E9A96A-98AF-4647-BC9C-DC755AE01D0D}.Ad-Hoc|x86.Deploy.0 = Release|Any CPU
		{05E9A96A-98AF-4647-BC9C-DC755AE01D0D}.AppStore|Any CPU.ActiveCfg = Release|Any CPU
		{05E9A96A-98AF-4647-BC9C-DC755AE01D0D}.AppStore|Any CPU.Build.0 = Release|Any CPU
		{05E9A96A-98AF-4647-BC9C-DC755AE01D0D}.AppStore|Any CPU.Deploy.0 = Release|Any CPU
		{05E9A96A-98AF-4647-BC9C-DC755AE01D0D}.AppStore|ARM.ActiveCfg = Release|Any CPU
		{05E9A96A-98AF-4647-BC9C-DC755AE01D0D}.AppStore|ARM.Build.0 = Release|Any CPU
		{05E9A96A-98AF-4647-BC9C-DC755AE01D0D}.AppStore|ARM.Deploy.0 = Release|Any CPU
		{05E9A96A-98AF-4647-BC9C-DC755AE01D0D}.AppStore|iPhone.ActiveCfg = Release|Any CPU
		{05E9A96A-98AF-4647-BC9C-DC755AE01D0D}.AppStore|iPhone.Build.0 = Release|Any CPU
		{05E9A96A-98AF-4647-BC9C-DC755AE01D0D}.AppStore|iPhone.Deploy.0 = Release|Any CPU
		{05E9A96A-98AF-4647-BC9C-DC755AE01D0D}.AppStore|iPhoneSimulator.ActiveCfg = Release|Any CPU
		{05E9A96A-98AF-4647-BC9C-DC755AE01D0D}.AppStore|iPhoneSimulator.Build.0 = Release|Any CPU
		{05E9A96A-98AF-4647-BC9C-DC755AE01D0D}.AppStore|iPhoneSimulator.Deploy.0 = Release|Any CPU
		{05E9A96A-98AF-4647-BC9C-DC755AE01D0D}.AppStore|x64.ActiveCfg = Release|Any CPU
		{05E9A96A-98AF-4647-BC9C-DC755AE01D0D}.AppStore|x64.Build.0 = Release|Any CPU
		{05E9A96A-98AF-4647-BC9C-DC755AE01D0D}.AppStore|x64.Deploy.0 = Release|Any CPU
		{05E9A96A-98AF-4647-BC9C-DC755AE01D0D}.AppStore|x86.ActiveCfg = Release|Any CPU
		{05E9A96A-98AF-4647-BC9C-DC755AE01D0D}.AppStore|x86.Build.0 = Release|Any CPU
		{05E9A96A-98AF-4647-BC9C-DC755AE01D0D}.AppStore|x86.Deploy.0 = Release|Any CPU
		{05E9A96A-98AF-4647-BC9C-DC755AE01D0D}.Debug|Any CPU.ActiveCfg = Debug|Any CPU
		{05E9A96A-98AF-4647-BC9C-DC755AE01D0D}.Debug|Any CPU.Build.0 = Debug|Any CPU
		{05E9A96A-98AF-4647-BC9C-DC755AE01D0D}.Debug|Any CPU.Deploy.0 = Debug|Any CPU
		{05E9A96A-98AF-4647-BC9C-DC755AE01D0D}.Debug|ARM.ActiveCfg = Debug|Any CPU
		{05E9A96A-98AF-4647-BC9C-DC755AE01D0D}.Debug|ARM.Build.0 = Debug|Any CPU
		{05E9A96A-98AF-4647-BC9C-DC755AE01D0D}.Debug|ARM.Deploy.0 = Debug|Any CPU
		{05E9A96A-98AF-4647-BC9C-DC755AE01D0D}.Debug|iPhone.ActiveCfg = Debug|Any CPU
		{05E9A96A-98AF-4647-BC9C-DC755AE01D0D}.Debug|iPhone.Build.0 = Debug|Any CPU
		{05E9A96A-98AF-4647-BC9C-DC755AE01D0D}.Debug|iPhone.Deploy.0 = Debug|Any CPU
		{05E9A96A-98AF-4647-BC9C-DC755AE01D0D}.Debug|iPhoneSimulator.ActiveCfg = Debug|Any CPU
		{05E9A96A-98AF-4647-BC9C-DC755AE01D0D}.Debug|iPhoneSimulator.Build.0 = Debug|Any CPU
		{05E9A96A-98AF-4647-BC9C-DC755AE01D0D}.Debug|iPhoneSimulator.Deploy.0 = Debug|Any CPU
		{05E9A96A-98AF-4647-BC9C-DC755AE01D0D}.Debug|x64.ActiveCfg = Debug|Any CPU
		{05E9A96A-98AF-4647-BC9C-DC755AE01D0D}.Debug|x64.Build.0 = Debug|Any CPU
		{05E9A96A-98AF-4647-BC9C-DC755AE01D0D}.Debug|x64.Deploy.0 = Debug|Any CPU
		{05E9A96A-98AF-4647-BC9C-DC755AE01D0D}.Debug|x86.ActiveCfg = Debug|Any CPU
		{05E9A96A-98AF-4647-BC9C-DC755AE01D0D}.Debug|x86.Build.0 = Debug|Any CPU
		{05E9A96A-98AF-4647-BC9C-DC755AE01D0D}.Debug|x86.Deploy.0 = Debug|Any CPU
		{05E9A96A-98AF-4647-BC9C-DC755AE01D0D}.Release|Any CPU.ActiveCfg = Release|Any CPU
		{05E9A96A-98AF-4647-BC9C-DC755AE01D0D}.Release|Any CPU.Build.0 = Release|Any CPU
		{05E9A96A-98AF-4647-BC9C-DC755AE01D0D}.Release|Any CPU.Deploy.0 = Release|Any CPU
		{05E9A96A-98AF-4647-BC9C-DC755AE01D0D}.Release|ARM.ActiveCfg = Release|Any CPU
		{05E9A96A-98AF-4647-BC9C-DC755AE01D0D}.Release|ARM.Build.0 = Release|Any CPU
		{05E9A96A-98AF-4647-BC9C-DC755AE01D0D}.Release|ARM.Deploy.0 = Release|Any CPU
		{05E9A96A-98AF-4647-BC9C-DC755AE01D0D}.Release|iPhone.ActiveCfg = Release|Any CPU
		{05E9A96A-98AF-4647-BC9C-DC755AE01D0D}.Release|iPhone.Build.0 = Release|Any CPU
		{05E9A96A-98AF-4647-BC9C-DC755AE01D0D}.Release|iPhone.Deploy.0 = Release|Any CPU
		{05E9A96A-98AF-4647-BC9C-DC755AE01D0D}.Release|iPhoneSimulator.ActiveCfg = Release|Any CPU
		{05E9A96A-98AF-4647-BC9C-DC755AE01D0D}.Release|iPhoneSimulator.Build.0 = Release|Any CPU
		{05E9A96A-98AF-4647-BC9C-DC755AE01D0D}.Release|iPhoneSimulator.Deploy.0 = Release|Any CPU
		{05E9A96A-98AF-4647-BC9C-DC755AE01D0D}.Release|x64.ActiveCfg = Release|Any CPU
		{05E9A96A-98AF-4647-BC9C-DC755AE01D0D}.Release|x64.Build.0 = Release|Any CPU
		{05E9A96A-98AF-4647-BC9C-DC755AE01D0D}.Release|x64.Deploy.0 = Release|Any CPU
		{05E9A96A-98AF-4647-BC9C-DC755AE01D0D}.Release|x86.ActiveCfg = Release|Any CPU
		{05E9A96A-98AF-4647-BC9C-DC755AE01D0D}.Release|x86.Build.0 = Release|Any CPU
		{05E9A96A-98AF-4647-BC9C-DC755AE01D0D}.Release|x86.Deploy.0 = Release|Any CPU
		{D04ABEAF-6689-466C-88DF-0D47D4D6FFFA}.Ad-Hoc|Any CPU.ActiveCfg = Ad-Hoc|iPhoneSimulator
		{D04ABEAF-6689-466C-88DF-0D47D4D6FFFA}.Ad-Hoc|ARM.ActiveCfg = Ad-Hoc|iPhone
		{D04ABEAF-6689-466C-88DF-0D47D4D6FFFA}.Ad-Hoc|iPhone.ActiveCfg = Ad-Hoc|iPhone
		{D04ABEAF-6689-466C-88DF-0D47D4D6FFFA}.Ad-Hoc|iPhone.Build.0 = Ad-Hoc|iPhone
		{D04ABEAF-6689-466C-88DF-0D47D4D6FFFA}.Ad-Hoc|iPhoneSimulator.ActiveCfg = Ad-Hoc|iPhoneSimulator
		{D04ABEAF-6689-466C-88DF-0D47D4D6FFFA}.Ad-Hoc|iPhoneSimulator.Build.0 = Ad-Hoc|iPhoneSimulator
		{D04ABEAF-6689-466C-88DF-0D47D4D6FFFA}.Ad-Hoc|x64.ActiveCfg = Ad-Hoc|iPhone
		{D04ABEAF-6689-466C-88DF-0D47D4D6FFFA}.Ad-Hoc|x86.ActiveCfg = Ad-Hoc|iPhone
		{D04ABEAF-6689-466C-88DF-0D47D4D6FFFA}.AppStore|Any CPU.ActiveCfg = AppStore|iPhoneSimulator
		{D04ABEAF-6689-466C-88DF-0D47D4D6FFFA}.AppStore|ARM.ActiveCfg = AppStore|iPhone
		{D04ABEAF-6689-466C-88DF-0D47D4D6FFFA}.AppStore|iPhone.ActiveCfg = AppStore|iPhone
		{D04ABEAF-6689-466C-88DF-0D47D4D6FFFA}.AppStore|iPhone.Build.0 = AppStore|iPhone
		{D04ABEAF-6689-466C-88DF-0D47D4D6FFFA}.AppStore|iPhoneSimulator.ActiveCfg = AppStore|iPhoneSimulator
		{D04ABEAF-6689-466C-88DF-0D47D4D6FFFA}.AppStore|iPhoneSimulator.Build.0 = AppStore|iPhoneSimulator
		{D04ABEAF-6689-466C-88DF-0D47D4D6FFFA}.AppStore|x64.ActiveCfg = AppStore|iPhone
		{D04ABEAF-6689-466C-88DF-0D47D4D6FFFA}.AppStore|x86.ActiveCfg = AppStore|iPhone
		{D04ABEAF-6689-466C-88DF-0D47D4D6FFFA}.Debug|Any CPU.ActiveCfg = Debug|iPhoneSimulator
		{D04ABEAF-6689-466C-88DF-0D47D4D6FFFA}.Debug|ARM.ActiveCfg = Debug|iPhone
		{D04ABEAF-6689-466C-88DF-0D47D4D6FFFA}.Debug|iPhone.ActiveCfg = Debug|iPhone
		{D04ABEAF-6689-466C-88DF-0D47D4D6FFFA}.Debug|iPhone.Build.0 = Debug|iPhone
		{D04ABEAF-6689-466C-88DF-0D47D4D6FFFA}.Debug|iPhoneSimulator.ActiveCfg = Debug|iPhoneSimulator
		{D04ABEAF-6689-466C-88DF-0D47D4D6FFFA}.Debug|iPhoneSimulator.Build.0 = Debug|iPhoneSimulator
		{D04ABEAF-6689-466C-88DF-0D47D4D6FFFA}.Debug|x64.ActiveCfg = Debug|iPhone
		{D04ABEAF-6689-466C-88DF-0D47D4D6FFFA}.Debug|x86.ActiveCfg = Debug|iPhone
		{D04ABEAF-6689-466C-88DF-0D47D4D6FFFA}.Release|Any CPU.ActiveCfg = Release|iPhoneSimulator
		{D04ABEAF-6689-466C-88DF-0D47D4D6FFFA}.Release|ARM.ActiveCfg = Release|iPhone
		{D04ABEAF-6689-466C-88DF-0D47D4D6FFFA}.Release|iPhone.ActiveCfg = Release|iPhone
		{D04ABEAF-6689-466C-88DF-0D47D4D6FFFA}.Release|iPhone.Build.0 = Release|iPhone
		{D04ABEAF-6689-466C-88DF-0D47D4D6FFFA}.Release|iPhoneSimulator.ActiveCfg = Release|iPhoneSimulator
		{D04ABEAF-6689-466C-88DF-0D47D4D6FFFA}.Release|iPhoneSimulator.Build.0 = Release|iPhoneSimulator
		{D04ABEAF-6689-466C-88DF-0D47D4D6FFFA}.Release|x64.ActiveCfg = Release|iPhone
		{D04ABEAF-6689-466C-88DF-0D47D4D6FFFA}.Release|x86.ActiveCfg = Release|iPhone
		{814757B1-D596-4084-AE69-FF7FD81017A6}.Ad-Hoc|Any CPU.ActiveCfg = Release|x86
		{814757B1-D596-4084-AE69-FF7FD81017A6}.Ad-Hoc|Any CPU.Build.0 = Release|x86
		{814757B1-D596-4084-AE69-FF7FD81017A6}.Ad-Hoc|Any CPU.Deploy.0 = Release|x86
		{814757B1-D596-4084-AE69-FF7FD81017A6}.Ad-Hoc|ARM.ActiveCfg = Release|ARM
		{814757B1-D596-4084-AE69-FF7FD81017A6}.Ad-Hoc|ARM.Build.0 = Release|ARM
		{814757B1-D596-4084-AE69-FF7FD81017A6}.Ad-Hoc|ARM.Deploy.0 = Release|ARM
		{814757B1-D596-4084-AE69-FF7FD81017A6}.Ad-Hoc|iPhone.ActiveCfg = Release|x86
		{814757B1-D596-4084-AE69-FF7FD81017A6}.Ad-Hoc|iPhone.Build.0 = Release|x86
		{814757B1-D596-4084-AE69-FF7FD81017A6}.Ad-Hoc|iPhone.Deploy.0 = Release|x86
		{814757B1-D596-4084-AE69-FF7FD81017A6}.Ad-Hoc|iPhoneSimulator.ActiveCfg = Release|x86
		{814757B1-D596-4084-AE69-FF7FD81017A6}.Ad-Hoc|iPhoneSimulator.Build.0 = Release|x86
		{814757B1-D596-4084-AE69-FF7FD81017A6}.Ad-Hoc|iPhoneSimulator.Deploy.0 = Release|x86
		{814757B1-D596-4084-AE69-FF7FD81017A6}.Ad-Hoc|x64.ActiveCfg = Release|x64
		{814757B1-D596-4084-AE69-FF7FD81017A6}.Ad-Hoc|x64.Build.0 = Release|x64
		{814757B1-D596-4084-AE69-FF7FD81017A6}.Ad-Hoc|x64.Deploy.0 = Release|x64
		{814757B1-D596-4084-AE69-FF7FD81017A6}.Ad-Hoc|x86.ActiveCfg = Release|x86
		{814757B1-D596-4084-AE69-FF7FD81017A6}.Ad-Hoc|x86.Build.0 = Release|x86
		{814757B1-D596-4084-AE69-FF7FD81017A6}.Ad-Hoc|x86.Deploy.0 = Release|x86
		{814757B1-D596-4084-AE69-FF7FD81017A6}.AppStore|Any CPU.ActiveCfg = Release|x86
		{814757B1-D596-4084-AE69-FF7FD81017A6}.AppStore|Any CPU.Build.0 = Release|x86
		{814757B1-D596-4084-AE69-FF7FD81017A6}.AppStore|Any CPU.Deploy.0 = Release|x86
		{814757B1-D596-4084-AE69-FF7FD81017A6}.AppStore|ARM.ActiveCfg = Release|ARM
		{814757B1-D596-4084-AE69-FF7FD81017A6}.AppStore|ARM.Build.0 = Release|ARM
		{814757B1-D596-4084-AE69-FF7FD81017A6}.AppStore|ARM.Deploy.0 = Release|ARM
		{814757B1-D596-4084-AE69-FF7FD81017A6}.AppStore|iPhone.ActiveCfg = Release|x86
		{814757B1-D596-4084-AE69-FF7FD81017A6}.AppStore|iPhone.Build.0 = Release|x86
		{814757B1-D596-4084-AE69-FF7FD81017A6}.AppStore|iPhone.Deploy.0 = Release|x86
		{814757B1-D596-4084-AE69-FF7FD81017A6}.AppStore|iPhoneSimulator.ActiveCfg = Release|x86
		{814757B1-D596-4084-AE69-FF7FD81017A6}.AppStore|iPhoneSimulator.Build.0 = Release|x86
		{814757B1-D596-4084-AE69-FF7FD81017A6}.AppStore|iPhoneSimulator.Deploy.0 = Release|x86
		{814757B1-D596-4084-AE69-FF7FD81017A6}.AppStore|x64.ActiveCfg = Release|x64
		{814757B1-D596-4084-AE69-FF7FD81017A6}.AppStore|x64.Build.0 = Release|x64
		{814757B1-D596-4084-AE69-FF7FD81017A6}.AppStore|x64.Deploy.0 = Release|x64
		{814757B1-D596-4084-AE69-FF7FD81017A6}.AppStore|x86.ActiveCfg = Release|x86
		{814757B1-D596-4084-AE69-FF7FD81017A6}.AppStore|x86.Build.0 = Release|x86
		{814757B1-D596-4084-AE69-FF7FD81017A6}.AppStore|x86.Deploy.0 = Release|x86
		{814757B1-D596-4084-AE69-FF7FD81017A6}.Debug|Any CPU.ActiveCfg = Debug|x86
		{814757B1-D596-4084-AE69-FF7FD81017A6}.Debug|ARM.ActiveCfg = Debug|ARM
		{814757B1-D596-4084-AE69-FF7FD81017A6}.Debug|ARM.Build.0 = Debug|ARM
		{814757B1-D596-4084-AE69-FF7FD81017A6}.Debug|ARM.Deploy.0 = Debug|ARM
		{814757B1-D596-4084-AE69-FF7FD81017A6}.Debug|iPhone.ActiveCfg = Debug|x86
		{814757B1-D596-4084-AE69-FF7FD81017A6}.Debug|iPhoneSimulator.ActiveCfg = Debug|x86
		{814757B1-D596-4084-AE69-FF7FD81017A6}.Debug|x64.ActiveCfg = Debug|x64
		{814757B1-D596-4084-AE69-FF7FD81017A6}.Debug|x64.Build.0 = Debug|x64
		{814757B1-D596-4084-AE69-FF7FD81017A6}.Debug|x64.Deploy.0 = Debug|x64
		{814757B1-D596-4084-AE69-FF7FD81017A6}.Debug|x86.ActiveCfg = Debug|x86
		{814757B1-D596-4084-AE69-FF7FD81017A6}.Debug|x86.Build.0 = Debug|x86
		{814757B1-D596-4084-AE69-FF7FD81017A6}.Debug|x86.Deploy.0 = Debug|x86
		{814757B1-D596-4084-AE69-FF7FD81017A6}.Release|Any CPU.ActiveCfg = Release|x86
		{814757B1-D596-4084-AE69-FF7FD81017A6}.Release|ARM.ActiveCfg = Release|ARM
		{814757B1-D596-4084-AE69-FF7FD81017A6}.Release|ARM.Build.0 = Release|ARM
		{814757B1-D596-4084-AE69-FF7FD81017A6}.Release|ARM.Deploy.0 = Release|ARM
		{814757B1-D596-4084-AE69-FF7FD81017A6}.Release|iPhone.ActiveCfg = Release|x86
		{814757B1-D596-4084-AE69-FF7FD81017A6}.Release|iPhoneSimulator.ActiveCfg = Release|x86
		{814757B1-D596-4084-AE69-FF7FD81017A6}.Release|x64.ActiveCfg = Release|x64
		{814757B1-D596-4084-AE69-FF7FD81017A6}.Release|x64.Build.0 = Release|x64
		{814757B1-D596-4084-AE69-FF7FD81017A6}.Release|x64.Deploy.0 = Release|x64
		{814757B1-D596-4084-AE69-FF7FD81017A6}.Release|x86.ActiveCfg = Release|x86
		{814757B1-D596-4084-AE69-FF7FD81017A6}.Release|x86.Build.0 = Release|x86
		{814757B1-D596-4084-AE69-FF7FD81017A6}.Release|x86.Deploy.0 = Release|x86
	EndGlobalSection
	GlobalSection(SolutionProperties) = preSolution
		HideSolutionNode = FALSE
	EndGlobalSection
	GlobalSection(ExtensibilityGlobals) = postSolution
		SolutionGuid = {68B3A266-DFDF-48CA-B0C9-02A708C769C3}
	EndGlobalSection
EndGlobal
